// !$*UTF8*$!
{
	archiveVersion = 1;
	classes = {
	};
	objectVersion = 51;
	objects = {

/* Begin PBXBuildFile section */
		24427D32A4DEE52C7666CD8D /* Pods_DiscussionBoard.framework in Frameworks */ = {isa = PBXBuildFile; fileRef = 450FE02AEDC00242FB740CDE /* Pods_DiscussionBoard.framework */; };
		6923596A25B177A800F1880A /* AppDelegate.swift in Sources */ = {isa = PBXBuildFile; fileRef = 6923596925B177A800F1880A /* AppDelegate.swift */; };
		6923596C25B177A800F1880A /* SceneDelegate.swift in Sources */ = {isa = PBXBuildFile; fileRef = 6923596B25B177A800F1880A /* SceneDelegate.swift */; };
		6923596E25B177A800F1880A /* ViewController.swift in Sources */ = {isa = PBXBuildFile; fileRef = 6923596D25B177A800F1880A /* ViewController.swift */; };
		6923597125B177A800F1880A /* Main.storyboard in Resources */ = {isa = PBXBuildFile; fileRef = 6923596F25B177A800F1880A /* Main.storyboard */; };
		6923597325B177AB00F1880A /* Assets.xcassets in Resources */ = {isa = PBXBuildFile; fileRef = 6923597225B177AB00F1880A /* Assets.xcassets */; };
		6923597625B177AB00F1880A /* LaunchScreen.storyboard in Resources */ = {isa = PBXBuildFile; fileRef = 6923597425B177AB00F1880A /* LaunchScreen.storyboard */; };
		6923598125B177AB00F1880A /* DiscussionBoardTests.swift in Sources */ = {isa = PBXBuildFile; fileRef = 6923598025B177AB00F1880A /* DiscussionBoardTests.swift */; };
		6923598C25B177AB00F1880A /* DiscussionBoardUITests.swift in Sources */ = {isa = PBXBuildFile; fileRef = 6923598B25B177AB00F1880A /* DiscussionBoardUITests.swift */; };
		692359AD25B1A69400F1880A /* Extension.swift in Sources */ = {isa = PBXBuildFile; fileRef = 692359AC25B1A69400F1880A /* Extension.swift */; };
		692359B225B1A77900F1880A /* PublicSetting.swift in Sources */ = {isa = PBXBuildFile; fileRef = 692359B125B1A77900F1880A /* PublicSetting.swift */; };
		692359BE25B1C27E00F1880A /* DiscussionPostViewController.swift in Sources */ = {isa = PBXBuildFile; fileRef = 692359BD25B1C27E00F1880A /* DiscussionPostViewController.swift */; };
		692359C625B1C2F000F1880A /* Discussion.storyboard in Resources */ = {isa = PBXBuildFile; fileRef = 692359C525B1C2F000F1880A /* Discussion.storyboard */; };
		692359F225B1FE8E00F1880A /* DiscussionViewModel.swift in Sources */ = {isa = PBXBuildFile; fileRef = 692359F125B1FE8D00F1880A /* DiscussionViewModel.swift */; };
		692359F325B1FE8E00F1880A /* DiscussionViewModel.swift in Sources */ = {isa = PBXBuildFile; fileRef = 692359F125B1FE8D00F1880A /* DiscussionViewModel.swift */; };
		692359F425B1FE8E00F1880A /* DiscussionViewModel.swift in Sources */ = {isa = PBXBuildFile; fileRef = 692359F125B1FE8D00F1880A /* DiscussionViewModel.swift */; };
		69235A0225B201BE00F1880A /* DiscussionBoardPageResult.swift in Sources */ = {isa = PBXBuildFile; fileRef = 69235A0125B201BE00F1880A /* DiscussionBoardPageResult.swift */; };
		69235A0325B201BE00F1880A /* DiscussionBoardPageResult.swift in Sources */ = {isa = PBXBuildFile; fileRef = 69235A0125B201BE00F1880A /* DiscussionBoardPageResult.swift */; };
		69235A0425B201BE00F1880A /* DiscussionBoardPageResult.swift in Sources */ = {isa = PBXBuildFile; fileRef = 69235A0125B201BE00F1880A /* DiscussionBoardPageResult.swift */; };
		69235A0925B201F000F1880A /* Results.swift in Sources */ = {isa = PBXBuildFile; fileRef = 69235A0825B201F000F1880A /* Results.swift */; };
		69235A0A25B201F000F1880A /* Results.swift in Sources */ = {isa = PBXBuildFile; fileRef = 69235A0825B201F000F1880A /* Results.swift */; };
		69235A0B25B201F000F1880A /* Results.swift in Sources */ = {isa = PBXBuildFile; fileRef = 69235A0825B201F000F1880A /* Results.swift */; };
		69235A1A25B3162E00F1880A /* JSON.swift in Sources */ = {isa = PBXBuildFile; fileRef = 69235A1925B3162E00F1880A /* JSON.swift */; };
		69235A1B25B3162E00F1880A /* JSON.swift in Sources */ = {isa = PBXBuildFile; fileRef = 69235A1925B3162E00F1880A /* JSON.swift */; };
		69235A1C25B3162E00F1880A /* JSON.swift in Sources */ = {isa = PBXBuildFile; fileRef = 69235A1925B3162E00F1880A /* JSON.swift */; };
		69235A2125B316B000F1880A /* post.json in Resources */ = {isa = PBXBuildFile; fileRef = 69235A2025B316B000F1880A /* post.json */; };
		69235A2225B316B000F1880A /* post.json in Resources */ = {isa = PBXBuildFile; fileRef = 69235A2025B316B000F1880A /* post.json */; };
		69235A2325B316B000F1880A /* post.json in Resources */ = {isa = PBXBuildFile; fileRef = 69235A2025B316B000F1880A /* post.json */; };
		69235A3725B338C900F1880A /* IBMPlexSansThai-Text.ttf in Resources */ = {isa = PBXBuildFile; fileRef = 69235A3425B338C800F1880A /* IBMPlexSansThai-Text.ttf */; };
		69235A3825B338C900F1880A /* IBMPlexSansThai-Text.ttf in Resources */ = {isa = PBXBuildFile; fileRef = 69235A3425B338C800F1880A /* IBMPlexSansThai-Text.ttf */; };
		69235A3925B338C900F1880A /* IBMPlexSansThai-Text.ttf in Resources */ = {isa = PBXBuildFile; fileRef = 69235A3425B338C800F1880A /* IBMPlexSansThai-Text.ttf */; };
		69235A3A25B338C900F1880A /* IBMPlexSansThai-Bold.ttf in Resources */ = {isa = PBXBuildFile; fileRef = 69235A3525B338C800F1880A /* IBMPlexSansThai-Bold.ttf */; };
		69235A3B25B338C900F1880A /* IBMPlexSansThai-Bold.ttf in Resources */ = {isa = PBXBuildFile; fileRef = 69235A3525B338C800F1880A /* IBMPlexSansThai-Bold.ttf */; };
		69235A3C25B338C900F1880A /* IBMPlexSansThai-Bold.ttf in Resources */ = {isa = PBXBuildFile; fileRef = 69235A3525B338C800F1880A /* IBMPlexSansThai-Bold.ttf */; };
		69235A3D25B338C900F1880A /* IBMPlexSansThai-Medium.ttf in Resources */ = {isa = PBXBuildFile; fileRef = 69235A3625B338C800F1880A /* IBMPlexSansThai-Medium.ttf */; };
		69235A3E25B338C900F1880A /* IBMPlexSansThai-Medium.ttf in Resources */ = {isa = PBXBuildFile; fileRef = 69235A3625B338C800F1880A /* IBMPlexSansThai-Medium.ttf */; };
		69235A3F25B338C900F1880A /* IBMPlexSansThai-Medium.ttf in Resources */ = {isa = PBXBuildFile; fileRef = 69235A3625B338C800F1880A /* IBMPlexSansThai-Medium.ttf */; };
		69235A4725B33AB700F1880A /* UIImageView.swift in Sources */ = {isa = PBXBuildFile; fileRef = 69235A4625B33AB700F1880A /* UIImageView.swift */; };
		69235A4825B33AB700F1880A /* UIImageView.swift in Sources */ = {isa = PBXBuildFile; fileRef = 69235A4625B33AB700F1880A /* UIImageView.swift */; };
		69235A4925B33AB700F1880A /* UIImageView.swift in Sources */ = {isa = PBXBuildFile; fileRef = 69235A4625B33AB700F1880A /* UIImageView.swift */; };
		69235A6825B34C9600F1880A /* Color.swift in Sources */ = {isa = PBXBuildFile; fileRef = 69235A6725B34C9600F1880A /* Color.swift */; };
		69235A6925B34C9600F1880A /* Color.swift in Sources */ = {isa = PBXBuildFile; fileRef = 69235A6725B34C9600F1880A /* Color.swift */; };
		69235A6A25B34C9600F1880A /* Color.swift in Sources */ = {isa = PBXBuildFile; fileRef = 69235A6725B34C9600F1880A /* Color.swift */; };
		692CA1A125C067FD00B3B8F0 /* LearningTimeViewController.swift in Sources */ = {isa = PBXBuildFile; fileRef = 692CA1A025C067FD00B3B8F0 /* LearningTimeViewController.swift */; };
		692CA1A825C0682F00B3B8F0 /* LearningTimeView.swift in Sources */ = {isa = PBXBuildFile; fileRef = 692CA1A625C0682E00B3B8F0 /* LearningTimeView.swift */; };
		692CA1A925C0682F00B3B8F0 /* LearningTimeView.xib in Resources */ = {isa = PBXBuildFile; fileRef = 692CA1A725C0682F00B3B8F0 /* LearningTimeView.xib */; };
		692CA1B525C08B0700B3B8F0 /* Assets.xcassets in Resources */ = {isa = PBXBuildFile; fileRef = 692CA1B425C08B0700B3B8F0 /* Assets.xcassets */; };
		692CA1BA25C08FA700B3B8F0 /* UIDevice.swift in Sources */ = {isa = PBXBuildFile; fileRef = 692CA1B925C08FA700B3B8F0 /* UIDevice.swift */; };
		693D7DFA25B926A700596387 /* DCPinView.swift in Sources */ = {isa = PBXBuildFile; fileRef = 693D7DF925B926A700596387 /* DCPinView.swift */; };
		693D7DFB25B926A700596387 /* DCPinView.swift in Sources */ = {isa = PBXBuildFile; fileRef = 693D7DF925B926A700596387 /* DCPinView.swift */; };
		693D7DFC25B926A700596387 /* DCPinView.swift in Sources */ = {isa = PBXBuildFile; fileRef = 693D7DF925B926A700596387 /* DCPinView.swift */; };
		693D7E0125B926B600596387 /* DCPinView.xib in Resources */ = {isa = PBXBuildFile; fileRef = 693D7E0025B926B600596387 /* DCPinView.xib */; };
		693D7E0225B926B600596387 /* DCPinView.xib in Resources */ = {isa = PBXBuildFile; fileRef = 693D7E0025B926B600596387 /* DCPinView.xib */; };
		693D7E0325B926B600596387 /* DCPinView.xib in Resources */ = {isa = PBXBuildFile; fileRef = 693D7E0025B926B600596387 /* DCPinView.xib */; };
		693D7E0825B9271100596387 /* DCPostView.swift in Sources */ = {isa = PBXBuildFile; fileRef = 693D7E0725B9271100596387 /* DCPostView.swift */; };
		693D7E0925B9271100596387 /* DCPostView.swift in Sources */ = {isa = PBXBuildFile; fileRef = 693D7E0725B9271100596387 /* DCPostView.swift */; };
		693D7E0A25B9271100596387 /* DCPostView.swift in Sources */ = {isa = PBXBuildFile; fileRef = 693D7E0725B9271100596387 /* DCPostView.swift */; };
		693D7E1225B9272800596387 /* DCPostView.xib in Resources */ = {isa = PBXBuildFile; fileRef = 693D7E1125B9272800596387 /* DCPostView.xib */; };
		693D7E1325B9272800596387 /* DCPostView.xib in Resources */ = {isa = PBXBuildFile; fileRef = 693D7E1125B9272800596387 /* DCPostView.xib */; };
		693D7E1425B9272800596387 /* DCPostView.xib in Resources */ = {isa = PBXBuildFile; fileRef = 693D7E1125B9272800596387 /* DCPostView.xib */; };
		693D7E2325B9276D00596387 /* DCReplyView.swift in Sources */ = {isa = PBXBuildFile; fileRef = 693D7E2225B9276D00596387 /* DCReplyView.swift */; };
		693D7E2425B9276D00596387 /* DCReplyView.swift in Sources */ = {isa = PBXBuildFile; fileRef = 693D7E2225B9276D00596387 /* DCReplyView.swift */; };
		693D7E2525B9276D00596387 /* DCReplyView.swift in Sources */ = {isa = PBXBuildFile; fileRef = 693D7E2225B9276D00596387 /* DCReplyView.swift */; };
		693D7E2A25B9279200596387 /* DCReplyView.xib in Resources */ = {isa = PBXBuildFile; fileRef = 693D7E2925B9279200596387 /* DCReplyView.xib */; };
		693D7E2B25B9279200596387 /* DCReplyView.xib in Resources */ = {isa = PBXBuildFile; fileRef = 693D7E2925B9279200596387 /* DCReplyView.xib */; };
		693D7E2C25B9279200596387 /* DCReplyView.xib in Resources */ = {isa = PBXBuildFile; fileRef = 693D7E2925B9279200596387 /* DCReplyView.xib */; };
		693D7E4425B94ADA00596387 /* DiscussionListViewController.swift in Sources */ = {isa = PBXBuildFile; fileRef = 693D7E4325B94AD900596387 /* DiscussionListViewController.swift */; };
		693D7E4525B94ADA00596387 /* DiscussionListViewController.swift in Sources */ = {isa = PBXBuildFile; fileRef = 693D7E4325B94AD900596387 /* DiscussionListViewController.swift */; };
		693D7E4625B94ADA00596387 /* DiscussionListViewController.swift in Sources */ = {isa = PBXBuildFile; fileRef = 693D7E4325B94AD900596387 /* DiscussionListViewController.swift */; };
		693D7E4B25B94C5D00596387 /* UIStackView.swift in Sources */ = {isa = PBXBuildFile; fileRef = 693D7E4A25B94C5D00596387 /* UIStackView.swift */; };
		693D7E4C25B94C5D00596387 /* UIStackView.swift in Sources */ = {isa = PBXBuildFile; fileRef = 693D7E4A25B94C5D00596387 /* UIStackView.swift */; };
		693D7E4D25B94C5D00596387 /* UIStackView.swift in Sources */ = {isa = PBXBuildFile; fileRef = 693D7E4A25B94C5D00596387 /* UIStackView.swift */; };
		6943190725B809380053B477 /* UIButton.swift in Sources */ = {isa = PBXBuildFile; fileRef = 6943190625B809380053B477 /* UIButton.swift */; };
		6943190825B809380053B477 /* UIButton.swift in Sources */ = {isa = PBXBuildFile; fileRef = 6943190625B809380053B477 /* UIButton.swift */; };
		6943190925B809380053B477 /* UIButton.swift in Sources */ = {isa = PBXBuildFile; fileRef = 6943190625B809380053B477 /* UIButton.swift */; };
		6950061D25B6D1CC00AB7C9C /* Int.swift in Sources */ = {isa = PBXBuildFile; fileRef = 6950061C25B6D1CB00AB7C9C /* Int.swift */; };
		6950061E25B6D1CC00AB7C9C /* Int.swift in Sources */ = {isa = PBXBuildFile; fileRef = 6950061C25B6D1CB00AB7C9C /* Int.swift */; };
		6950061F25B6D1CC00AB7C9C /* Int.swift in Sources */ = {isa = PBXBuildFile; fileRef = 6950061C25B6D1CB00AB7C9C /* Int.swift */; };
		6950062425B6D26A00AB7C9C /* String.swift in Sources */ = {isa = PBXBuildFile; fileRef = 6950062325B6D26A00AB7C9C /* String.swift */; };
		6950062525B6D26A00AB7C9C /* String.swift in Sources */ = {isa = PBXBuildFile; fileRef = 6950062325B6D26A00AB7C9C /* String.swift */; };
		6950062625B6D26A00AB7C9C /* String.swift in Sources */ = {isa = PBXBuildFile; fileRef = 6950062325B6D26A00AB7C9C /* String.swift */; };
		6950062B25B710A200AB7C9C /* CALayer.swift in Sources */ = {isa = PBXBuildFile; fileRef = 6950062A25B710A100AB7C9C /* CALayer.swift */; };
		6950062C25B710A200AB7C9C /* CALayer.swift in Sources */ = {isa = PBXBuildFile; fileRef = 6950062A25B710A100AB7C9C /* CALayer.swift */; };
		6950062D25B710A200AB7C9C /* CALayer.swift in Sources */ = {isa = PBXBuildFile; fileRef = 6950062A25B710A100AB7C9C /* CALayer.swift */; };
		6950064625B73BD300AB7C9C /* Assets.xcassets in Resources */ = {isa = PBXBuildFile; fileRef = 6950064525B73BD300AB7C9C /* Assets.xcassets */; };
		6950064725B73BD300AB7C9C /* Assets.xcassets in Resources */ = {isa = PBXBuildFile; fileRef = 6950064525B73BD300AB7C9C /* Assets.xcassets */; };
		6950064825B73BD300AB7C9C /* Assets.xcassets in Resources */ = {isa = PBXBuildFile; fileRef = 6950064525B73BD300AB7C9C /* Assets.xcassets */; };
		6958ABF525BBF9DF007159D2 /* DCAddReplyView.xib in Resources */ = {isa = PBXBuildFile; fileRef = 6958ABF325BBF9DF007159D2 /* DCAddReplyView.xib */; };
		6958ABF625BBF9DF007159D2 /* DCAddReplyView.swift in Sources */ = {isa = PBXBuildFile; fileRef = 6958ABF425BBF9DF007159D2 /* DCAddReplyView.swift */; };
		6958ABFE25BC91D8007159D2 /* DCReactionView.swift in Sources */ = {isa = PBXBuildFile; fileRef = 6958ABFD25BC91D8007159D2 /* DCReactionView.swift */; };
		6958AC0E25BCA55F007159D2 /* ProfileResult.swift in Sources */ = {isa = PBXBuildFile; fileRef = 6958AC0D25BCA55F007159D2 /* ProfileResult.swift */; };
		6961FB9A25BB27430052B810 /* Font.swift in Sources */ = {isa = PBXBuildFile; fileRef = 6961FB9925BB27420052B810 /* Font.swift */; };
		6961FB9B25BB27430052B810 /* Font.swift in Sources */ = {isa = PBXBuildFile; fileRef = 6961FB9925BB27420052B810 /* Font.swift */; };
		6961FB9C25BB27430052B810 /* Font.swift in Sources */ = {isa = PBXBuildFile; fileRef = 6961FB9925BB27420052B810 /* Font.swift */; };
		696B43E725BD2E5200750CAA /* DCEditView.swift in Sources */ = {isa = PBXBuildFile; fileRef = 696B43E625BD2E5200750CAA /* DCEditView.swift */; };
		696B43E825BD2E5200750CAA /* DCEditView.swift in Sources */ = {isa = PBXBuildFile; fileRef = 696B43E625BD2E5200750CAA /* DCEditView.swift */; };
		696B43ED25BD2E6500750CAA /* DCEditView.xib in Resources */ = {isa = PBXBuildFile; fileRef = 696B43EC25BD2E6500750CAA /* DCEditView.xib */; };
		696B43EE25BD2E6500750CAA /* DCEditView.xib in Resources */ = {isa = PBXBuildFile; fileRef = 696B43EC25BD2E6500750CAA /* DCEditView.xib */; };
		696B43F625BD3F8200750CAA /* DCStyle.swift in Sources */ = {isa = PBXBuildFile; fileRef = 696B43F525BD3F8200750CAA /* DCStyle.swift */; };
		696B43F725BD3F8200750CAA /* DCStyle.swift in Sources */ = {isa = PBXBuildFile; fileRef = 696B43F525BD3F8200750CAA /* DCStyle.swift */; };
		696B43FF25BD623F00750CAA /* PopupEditViewController.swift in Sources */ = {isa = PBXBuildFile; fileRef = 696B43FE25BD623F00750CAA /* PopupEditViewController.swift */; };
		696B440025BD623F00750CAA /* PopupEditViewController.swift in Sources */ = {isa = PBXBuildFile; fileRef = 696B43FE25BD623F00750CAA /* PopupEditViewController.swift */; };
		696B441425BDF09000750CAA /* pin_reply_list.json in Resources */ = {isa = PBXBuildFile; fileRef = 696B441325BDF09000750CAA /* pin_reply_list.json */; };
		6997C2FD25C11C8F0059AF92 /* WKWebView.swift in Sources */ = {isa = PBXBuildFile; fileRef = 6997C2FC25C11C8F0059AF92 /* WKWebView.swift */; };
		69B65D0425C1183000F75F9F /* CJWWebView+HackishAccessoryHiding.m in Sources */ = {isa = PBXBuildFile; fileRef = 69B65CBC25C1182F00F75F9F /* CJWWebView+HackishAccessoryHiding.m */; };
		69B65D0525C1183000F75F9F /* RichEditorView.swift in Sources */ = {isa = PBXBuildFile; fileRef = 69B65CBD25C1182F00F75F9F /* RichEditorView.swift */; };
		69B65D0625C1183000F75F9F /* String+Extensions.swift in Sources */ = {isa = PBXBuildFile; fileRef = 69B65CBE25C1182F00F75F9F /* String+Extensions.swift */; };
		69B65D0825C1183000F75F9F /* RichEditorToolbar.swift in Sources */ = {isa = PBXBuildFile; fileRef = 69B65CC025C1182F00F75F9F /* RichEditorToolbar.swift */; };
		69B65D0925C1183000F75F9F /* RichEditorOptionItem.swift in Sources */ = {isa = PBXBuildFile; fileRef = 69B65CC125C1182F00F75F9F /* RichEditorOptionItem.swift */; };
		69B65D0A25C1183000F75F9F /* UIView+Responder.swift in Sources */ = {isa = PBXBuildFile; fileRef = 69B65CC225C1182F00F75F9F /* UIView+Responder.swift */; };
		69B65D0B25C1183000F75F9F /* h2@2x.png in Resources */ = {isa = PBXBuildFile; fileRef = 69B65CC725C1182F00F75F9F /* h2@2x.png */; };
		69B65D0C25C1183000F75F9F /* outdent.png in Resources */ = {isa = PBXBuildFile; fileRef = 69B65CC825C1182F00F75F9F /* outdent.png */; };
		69B65D0D25C1183000F75F9F /* text_color@2x.png in Resources */ = {isa = PBXBuildFile; fileRef = 69B65CC925C1182F00F75F9F /* text_color@2x.png */; };
		69B65D0E25C1183000F75F9F /* bg_color.png in Resources */ = {isa = PBXBuildFile; fileRef = 69B65CCA25C1182F00F75F9F /* bg_color.png */; };
		69B65D0F25C1183000F75F9F /* bold.png in Resources */ = {isa = PBXBuildFile; fileRef = 69B65CCB25C1182F00F75F9F /* bold.png */; };
		69B65D1025C1183000F75F9F /* indent.png in Resources */ = {isa = PBXBuildFile; fileRef = 69B65CCC25C1182F00F75F9F /* indent.png */; };
		69B65D1125C1183000F75F9F /* unordered_list@2x.png in Resources */ = {isa = PBXBuildFile; fileRef = 69B65CCD25C1182F00F75F9F /* unordered_list@2x.png */; };
		69B65D1225C1183000F75F9F /* indent@2x.png in Resources */ = {isa = PBXBuildFile; fileRef = 69B65CCE25C1182F00F75F9F /* indent@2x.png */; };
		69B65D1325C1183000F75F9F /* justify_center@2x.png in Resources */ = {isa = PBXBuildFile; fileRef = 69B65CCF25C1182F00F75F9F /* justify_center@2x.png */; };
		69B65D1425C1183000F75F9F /* insert_image.png in Resources */ = {isa = PBXBuildFile; fileRef = 69B65CD025C1182F00F75F9F /* insert_image.png */; };
		69B65D1525C1183000F75F9F /* ordered_list@2x.png in Resources */ = {isa = PBXBuildFile; fileRef = 69B65CD125C1182F00F75F9F /* ordered_list@2x.png */; };
		69B65D1625C1183000F75F9F /* clear.png in Resources */ = {isa = PBXBuildFile; fileRef = 69B65CD225C1182F00F75F9F /* clear.png */; };
		69B65D1725C1183000F75F9F /* underline@2x.png in Resources */ = {isa = PBXBuildFile; fileRef = 69B65CD325C1182F00F75F9F /* underline@2x.png */; };
		69B65D1825C1183000F75F9F /* strikethrough.png in Resources */ = {isa = PBXBuildFile; fileRef = 69B65CD425C1182F00F75F9F /* strikethrough.png */; };
		69B65D1925C1183000F75F9F /* h4@2x.png in Resources */ = {isa = PBXBuildFile; fileRef = 69B65CD525C1182F00F75F9F /* h4@2x.png */; };
		69B65D1A25C1183000F75F9F /* ordered_list.png in Resources */ = {isa = PBXBuildFile; fileRef = 69B65CD625C1182F00F75F9F /* ordered_list.png */; };
		69B65D1B25C1183000F75F9F /* h6@2x.png in Resources */ = {isa = PBXBuildFile; fileRef = 69B65CD725C1182F00F75F9F /* h6@2x.png */; };
		69B65D1C25C1183000F75F9F /* justify_right@2x.png in Resources */ = {isa = PBXBuildFile; fileRef = 69B65CD825C1182F00F75F9F /* justify_right@2x.png */; };
		69B65D1D25C1183000F75F9F /* subscript.png in Resources */ = {isa = PBXBuildFile; fileRef = 69B65CD925C1182F00F75F9F /* subscript.png */; };
		69B65D1E25C1183000F75F9F /* underline.png in Resources */ = {isa = PBXBuildFile; fileRef = 69B65CDA25C1182F00F75F9F /* underline.png */; };
		69B65D1F25C1183000F75F9F /* h5.png in Resources */ = {isa = PBXBuildFile; fileRef = 69B65CDB25C1182F00F75F9F /* h5.png */; };
		69B65D2025C1183000F75F9F /* outdent@2x.png in Resources */ = {isa = PBXBuildFile; fileRef = 69B65CDC25C1182F00F75F9F /* outdent@2x.png */; };
		69B65D2125C1183000F75F9F /* superscript@2x.png in Resources */ = {isa = PBXBuildFile; fileRef = 69B65CDD25C1182F00F75F9F /* superscript@2x.png */; };
		69B65D2225C1183000F75F9F /* h4.png in Resources */ = {isa = PBXBuildFile; fileRef = 69B65CDE25C1182F00F75F9F /* h4.png */; };
		69B65D2325C1183000F75F9F /* h6.png in Resources */ = {isa = PBXBuildFile; fileRef = 69B65CDF25C1182F00F75F9F /* h6.png */; };
		69B65D2425C1183000F75F9F /* strikethrough@2x.png in Resources */ = {isa = PBXBuildFile; fileRef = 69B65CE025C1182F00F75F9F /* strikethrough@2x.png */; };
		69B65D2525C1183000F75F9F /* h3@2x.png in Resources */ = {isa = PBXBuildFile; fileRef = 69B65CE125C1182F00F75F9F /* h3@2x.png */; };
		69B65D2625C1183000F75F9F /* h3.png in Resources */ = {isa = PBXBuildFile; fileRef = 69B65CE225C1182F00F75F9F /* h3.png */; };
		69B65D2725C1183000F75F9F /* undo@2x.png in Resources */ = {isa = PBXBuildFile; fileRef = 69B65CE325C1182F00F75F9F /* undo@2x.png */; };
		69B65D2825C1183000F75F9F /* h1@2x.png in Resources */ = {isa = PBXBuildFile; fileRef = 69B65CE425C1182F00F75F9F /* h1@2x.png */; };
		69B65D2925C1183000F75F9F /* italic.png in Resources */ = {isa = PBXBuildFile; fileRef = 69B65CE525C1182F00F75F9F /* italic.png */; };
		69B65D2A25C1183000F75F9F /* insert_link.png in Resources */ = {isa = PBXBuildFile; fileRef = 69B65CE625C1182F00F75F9F /* insert_link.png */; };
		69B65D2B25C1183000F75F9F /* h2.png in Resources */ = {isa = PBXBuildFile; fileRef = 69B65CE725C1182F00F75F9F /* h2.png */; };
		69B65D2C25C1183000F75F9F /* undo.png in Resources */ = {isa = PBXBuildFile; fileRef = 69B65CE825C1182F00F75F9F /* undo.png */; };
		69B65D2D25C1183000F75F9F /* h1.png in Resources */ = {isa = PBXBuildFile; fileRef = 69B65CE925C1182F00F75F9F /* h1.png */; };
		69B65D2E25C1183000F75F9F /* insert_link@2x.png in Resources */ = {isa = PBXBuildFile; fileRef = 69B65CEA25C1182F00F75F9F /* insert_link@2x.png */; };
		69B65D2F25C1183000F75F9F /* bold@2x.png in Resources */ = {isa = PBXBuildFile; fileRef = 69B65CEB25C1182F00F75F9F /* bold@2x.png */; };
		69B65D3025C1183000F75F9F /* italic@2x.png in Resources */ = {isa = PBXBuildFile; fileRef = 69B65CEC25C1182F00F75F9F /* italic@2x.png */; };
		69B65D3125C1183000F75F9F /* justify_center.png in Resources */ = {isa = PBXBuildFile; fileRef = 69B65CED25C1182F00F75F9F /* justify_center.png */; };
		69B65D3225C1183000F75F9F /* h5@2x.png in Resources */ = {isa = PBXBuildFile; fileRef = 69B65CEE25C1183000F75F9F /* h5@2x.png */; };
		69B65D3325C1183000F75F9F /* clear@2x.png in Resources */ = {isa = PBXBuildFile; fileRef = 69B65CEF25C1183000F75F9F /* clear@2x.png */; };
		69B65D3425C1183000F75F9F /* subscript@2x.png in Resources */ = {isa = PBXBuildFile; fileRef = 69B65CF025C1183000F75F9F /* subscript@2x.png */; };
		69B65D3525C1183000F75F9F /* redo@2x.png in Resources */ = {isa = PBXBuildFile; fileRef = 69B65CF125C1183000F75F9F /* redo@2x.png */; };
		69B65D3625C1183000F75F9F /* justify_right.png in Resources */ = {isa = PBXBuildFile; fileRef = 69B65CF225C1183000F75F9F /* justify_right.png */; };
		69B65D3725C1183000F75F9F /* redo.png in Resources */ = {isa = PBXBuildFile; fileRef = 69B65CF325C1183000F75F9F /* redo.png */; };
		69B65D3825C1183000F75F9F /* unordered_list.png in Resources */ = {isa = PBXBuildFile; fileRef = 69B65CF425C1183000F75F9F /* unordered_list.png */; };
		69B65D3925C1183000F75F9F /* superscript.png in Resources */ = {isa = PBXBuildFile; fileRef = 69B65CF525C1183000F75F9F /* superscript.png */; };
		69B65D3A25C1183000F75F9F /* insert_image@2x.png in Resources */ = {isa = PBXBuildFile; fileRef = 69B65CF625C1183000F75F9F /* insert_image@2x.png */; };
		69B65D3B25C1183000F75F9F /* text_color.png in Resources */ = {isa = PBXBuildFile; fileRef = 69B65CF725C1183000F75F9F /* text_color.png */; };
		69B65D3C25C1183000F75F9F /* justify_left.png in Resources */ = {isa = PBXBuildFile; fileRef = 69B65CF825C1183000F75F9F /* justify_left.png */; };
		69B65D3D25C1183000F75F9F /* justify_left@2x.png in Resources */ = {isa = PBXBuildFile; fileRef = 69B65CF925C1183000F75F9F /* justify_left@2x.png */; };
		69B65D3E25C1183000F75F9F /* bg_color@2x.png in Resources */ = {isa = PBXBuildFile; fileRef = 69B65CFA25C1183000F75F9F /* bg_color@2x.png */; };
		69B65D3F25C1183000F75F9F /* rich_editor_tests.js in Resources */ = {isa = PBXBuildFile; fileRef = 69B65CFC25C1183000F75F9F /* rich_editor_tests.js */; };
		69B65D4025C1183000F75F9F /* assert.js in Resources */ = {isa = PBXBuildFile; fileRef = 69B65CFD25C1183000F75F9F /* assert.js */; };
		69B65D4125C1183000F75F9F /* rich_editor.js in Resources */ = {isa = PBXBuildFile; fileRef = 69B65CFE25C1183000F75F9F /* rich_editor.js */; };
		69B65D4225C1183000F75F9F /* rich_editor_tests.html in Resources */ = {isa = PBXBuildFile; fileRef = 69B65CFF25C1183000F75F9F /* rich_editor_tests.html */; };
		69B65D4325C1183000F75F9F /* rich_editor.html in Resources */ = {isa = PBXBuildFile; fileRef = 69B65D0025C1183000F75F9F /* rich_editor.html */; };
		69B65D4425C1183000F75F9F /* style.css in Resources */ = {isa = PBXBuildFile; fileRef = 69B65D0125C1183000F75F9F /* style.css */; };
		69B65D4525C1183000F75F9F /* normalize.css in Resources */ = {isa = PBXBuildFile; fileRef = 69B65D0225C1183000F75F9F /* normalize.css */; };
		69D6818925B466830017F986 /* reply_list.json in Resources */ = {isa = PBXBuildFile; fileRef = 69D6818825B466830017F986 /* reply_list.json */; };
		69D6818A25B466830017F986 /* reply_list.json in Resources */ = {isa = PBXBuildFile; fileRef = 69D6818825B466830017F986 /* reply_list.json */; };
		69D6818B25B466830017F986 /* reply_list.json in Resources */ = {isa = PBXBuildFile; fileRef = 69D6818825B466830017F986 /* reply_list.json */; };
/* End PBXBuildFile section */

/* Begin PBXContainerItemProxy section */
		6923597D25B177AB00F1880A /* PBXContainerItemProxy */ = {
			isa = PBXContainerItemProxy;
			containerPortal = 6923595E25B177A800F1880A /* Project object */;
			proxyType = 1;
			remoteGlobalIDString = 6923596525B177A800F1880A;
			remoteInfo = DiscussionBoard;
		};
		6923598825B177AB00F1880A /* PBXContainerItemProxy */ = {
			isa = PBXContainerItemProxy;
			containerPortal = 6923595E25B177A800F1880A /* Project object */;
			proxyType = 1;
			remoteGlobalIDString = 6923596525B177A800F1880A;
			remoteInfo = DiscussionBoard;
		};
/* End PBXContainerItemProxy section */

/* Begin PBXFileReference section */
		3B271BC6021FF315491597FB /* Pods-DiscussionBoard.release.xcconfig */ = {isa = PBXFileReference; includeInIndex = 1; lastKnownFileType = text.xcconfig; name = "Pods-DiscussionBoard.release.xcconfig"; path = "Target Support Files/Pods-DiscussionBoard/Pods-DiscussionBoard.release.xcconfig"; sourceTree = "<group>"; };
		450FE02AEDC00242FB740CDE /* Pods_DiscussionBoard.framework */ = {isa = PBXFileReference; explicitFileType = wrapper.framework; includeInIndex = 0; path = Pods_DiscussionBoard.framework; sourceTree = BUILT_PRODUCTS_DIR; };
		4B205FA16D6A7C9C7D0764C5 /* Pods-DiscussionBoard.debug.xcconfig */ = {isa = PBXFileReference; includeInIndex = 1; lastKnownFileType = text.xcconfig; name = "Pods-DiscussionBoard.debug.xcconfig"; path = "Target Support Files/Pods-DiscussionBoard/Pods-DiscussionBoard.debug.xcconfig"; sourceTree = "<group>"; };
		6923596625B177A800F1880A /* DiscussionBoard.app */ = {isa = PBXFileReference; explicitFileType = wrapper.application; includeInIndex = 0; path = DiscussionBoard.app; sourceTree = BUILT_PRODUCTS_DIR; };
		6923596925B177A800F1880A /* AppDelegate.swift */ = {isa = PBXFileReference; lastKnownFileType = sourcecode.swift; path = AppDelegate.swift; sourceTree = "<group>"; };
		6923596B25B177A800F1880A /* SceneDelegate.swift */ = {isa = PBXFileReference; lastKnownFileType = sourcecode.swift; path = SceneDelegate.swift; sourceTree = "<group>"; };
		6923596D25B177A800F1880A /* ViewController.swift */ = {isa = PBXFileReference; lastKnownFileType = sourcecode.swift; path = ViewController.swift; sourceTree = "<group>"; };
		6923597025B177A800F1880A /* Base */ = {isa = PBXFileReference; lastKnownFileType = file.storyboard; name = Base; path = Base.lproj/Main.storyboard; sourceTree = "<group>"; };
		6923597225B177AB00F1880A /* Assets.xcassets */ = {isa = PBXFileReference; lastKnownFileType = folder.assetcatalog; path = Assets.xcassets; sourceTree = "<group>"; };
		6923597525B177AB00F1880A /* Base */ = {isa = PBXFileReference; lastKnownFileType = file.storyboard; name = Base; path = Base.lproj/LaunchScreen.storyboard; sourceTree = "<group>"; };
		6923597725B177AB00F1880A /* Info.plist */ = {isa = PBXFileReference; lastKnownFileType = text.plist.xml; path = Info.plist; sourceTree = "<group>"; };
		6923597C25B177AB00F1880A /* DiscussionBoardTests.xctest */ = {isa = PBXFileReference; explicitFileType = wrapper.cfbundle; includeInIndex = 0; path = DiscussionBoardTests.xctest; sourceTree = BUILT_PRODUCTS_DIR; };
		6923598025B177AB00F1880A /* DiscussionBoardTests.swift */ = {isa = PBXFileReference; lastKnownFileType = sourcecode.swift; path = DiscussionBoardTests.swift; sourceTree = "<group>"; };
		6923598225B177AB00F1880A /* Info.plist */ = {isa = PBXFileReference; lastKnownFileType = text.plist.xml; path = Info.plist; sourceTree = "<group>"; };
		6923598725B177AB00F1880A /* DiscussionBoardUITests.xctest */ = {isa = PBXFileReference; explicitFileType = wrapper.cfbundle; includeInIndex = 0; path = DiscussionBoardUITests.xctest; sourceTree = BUILT_PRODUCTS_DIR; };
		6923598B25B177AB00F1880A /* DiscussionBoardUITests.swift */ = {isa = PBXFileReference; lastKnownFileType = sourcecode.swift; path = DiscussionBoardUITests.swift; sourceTree = "<group>"; };
		6923598D25B177AB00F1880A /* Info.plist */ = {isa = PBXFileReference; lastKnownFileType = text.plist.xml; path = Info.plist; sourceTree = "<group>"; };
		692359AC25B1A69400F1880A /* Extension.swift */ = {isa = PBXFileReference; lastKnownFileType = sourcecode.swift; path = Extension.swift; sourceTree = "<group>"; };
		692359B125B1A77900F1880A /* PublicSetting.swift */ = {isa = PBXFileReference; lastKnownFileType = sourcecode.swift; path = PublicSetting.swift; sourceTree = "<group>"; };
		692359BD25B1C27E00F1880A /* DiscussionPostViewController.swift */ = {isa = PBXFileReference; lastKnownFileType = sourcecode.swift; path = DiscussionPostViewController.swift; sourceTree = "<group>"; };
		692359C525B1C2F000F1880A /* Discussion.storyboard */ = {isa = PBXFileReference; lastKnownFileType = file.storyboard; path = Discussion.storyboard; sourceTree = "<group>"; };
		692359F125B1FE8D00F1880A /* DiscussionViewModel.swift */ = {isa = PBXFileReference; lastKnownFileType = sourcecode.swift; path = DiscussionViewModel.swift; sourceTree = "<group>"; };
		69235A0125B201BE00F1880A /* DiscussionBoardPageResult.swift */ = {isa = PBXFileReference; lastKnownFileType = sourcecode.swift; path = DiscussionBoardPageResult.swift; sourceTree = "<group>"; };
		69235A0825B201F000F1880A /* Results.swift */ = {isa = PBXFileReference; lastKnownFileType = sourcecode.swift; path = Results.swift; sourceTree = "<group>"; };
		69235A1925B3162E00F1880A /* JSON.swift */ = {isa = PBXFileReference; lastKnownFileType = sourcecode.swift; path = JSON.swift; sourceTree = "<group>"; };
		69235A2025B316B000F1880A /* post.json */ = {isa = PBXFileReference; lastKnownFileType = text.json; path = post.json; sourceTree = "<group>"; };
		69235A3425B338C800F1880A /* IBMPlexSansThai-Text.ttf */ = {isa = PBXFileReference; lastKnownFileType = file; path = "IBMPlexSansThai-Text.ttf"; sourceTree = "<group>"; };
		69235A3525B338C800F1880A /* IBMPlexSansThai-Bold.ttf */ = {isa = PBXFileReference; lastKnownFileType = file; path = "IBMPlexSansThai-Bold.ttf"; sourceTree = "<group>"; };
		69235A3625B338C800F1880A /* IBMPlexSansThai-Medium.ttf */ = {isa = PBXFileReference; lastKnownFileType = file; path = "IBMPlexSansThai-Medium.ttf"; sourceTree = "<group>"; };
		69235A4625B33AB700F1880A /* UIImageView.swift */ = {isa = PBXFileReference; lastKnownFileType = sourcecode.swift; path = UIImageView.swift; sourceTree = "<group>"; };
		69235A6725B34C9600F1880A /* Color.swift */ = {isa = PBXFileReference; lastKnownFileType = sourcecode.swift; path = Color.swift; sourceTree = "<group>"; };
		692CA1A025C067FD00B3B8F0 /* LearningTimeViewController.swift */ = {isa = PBXFileReference; lastKnownFileType = sourcecode.swift; path = LearningTimeViewController.swift; sourceTree = "<group>"; };
		692CA1A625C0682E00B3B8F0 /* LearningTimeView.swift */ = {isa = PBXFileReference; fileEncoding = 4; lastKnownFileType = sourcecode.swift; path = LearningTimeView.swift; sourceTree = "<group>"; };
		692CA1A725C0682F00B3B8F0 /* LearningTimeView.xib */ = {isa = PBXFileReference; fileEncoding = 4; lastKnownFileType = file.xib; path = LearningTimeView.xib; sourceTree = "<group>"; };
		692CA1B425C08B0700B3B8F0 /* Assets.xcassets */ = {isa = PBXFileReference; lastKnownFileType = folder.assetcatalog; path = Assets.xcassets; sourceTree = "<group>"; };
		692CA1B925C08FA700B3B8F0 /* UIDevice.swift */ = {isa = PBXFileReference; lastKnownFileType = sourcecode.swift; path = UIDevice.swift; sourceTree = "<group>"; };
		693D7DF925B926A700596387 /* DCPinView.swift */ = {isa = PBXFileReference; lastKnownFileType = sourcecode.swift; path = DCPinView.swift; sourceTree = "<group>"; };
		693D7E0025B926B600596387 /* DCPinView.xib */ = {isa = PBXFileReference; lastKnownFileType = file.xib; path = DCPinView.xib; sourceTree = "<group>"; };
		693D7E0725B9271100596387 /* DCPostView.swift */ = {isa = PBXFileReference; lastKnownFileType = sourcecode.swift; path = DCPostView.swift; sourceTree = "<group>"; };
		693D7E1125B9272800596387 /* DCPostView.xib */ = {isa = PBXFileReference; lastKnownFileType = file.xib; path = DCPostView.xib; sourceTree = "<group>"; };
		693D7E2225B9276D00596387 /* DCReplyView.swift */ = {isa = PBXFileReference; lastKnownFileType = sourcecode.swift; path = DCReplyView.swift; sourceTree = "<group>"; };
		693D7E2925B9279200596387 /* DCReplyView.xib */ = {isa = PBXFileReference; lastKnownFileType = file.xib; path = DCReplyView.xib; sourceTree = "<group>"; };
		693D7E4325B94AD900596387 /* DiscussionListViewController.swift */ = {isa = PBXFileReference; lastKnownFileType = sourcecode.swift; path = DiscussionListViewController.swift; sourceTree = "<group>"; };
		693D7E4A25B94C5D00596387 /* UIStackView.swift */ = {isa = PBXFileReference; lastKnownFileType = sourcecode.swift; path = UIStackView.swift; sourceTree = "<group>"; };
		6943190625B809380053B477 /* UIButton.swift */ = {isa = PBXFileReference; lastKnownFileType = sourcecode.swift; path = UIButton.swift; sourceTree = "<group>"; };
		6950061C25B6D1CB00AB7C9C /* Int.swift */ = {isa = PBXFileReference; lastKnownFileType = sourcecode.swift; path = Int.swift; sourceTree = "<group>"; };
		6950062325B6D26A00AB7C9C /* String.swift */ = {isa = PBXFileReference; lastKnownFileType = sourcecode.swift; path = String.swift; sourceTree = "<group>"; };
		6950062A25B710A100AB7C9C /* CALayer.swift */ = {isa = PBXFileReference; lastKnownFileType = sourcecode.swift; path = CALayer.swift; sourceTree = "<group>"; };
		6950064525B73BD300AB7C9C /* Assets.xcassets */ = {isa = PBXFileReference; lastKnownFileType = folder.assetcatalog; path = Assets.xcassets; sourceTree = "<group>"; };
		6958ABF325BBF9DF007159D2 /* DCAddReplyView.xib */ = {isa = PBXFileReference; fileEncoding = 4; lastKnownFileType = file.xib; path = DCAddReplyView.xib; sourceTree = "<group>"; };
		6958ABF425BBF9DF007159D2 /* DCAddReplyView.swift */ = {isa = PBXFileReference; fileEncoding = 4; lastKnownFileType = sourcecode.swift; path = DCAddReplyView.swift; sourceTree = "<group>"; };
		6958ABFD25BC91D8007159D2 /* DCReactionView.swift */ = {isa = PBXFileReference; lastKnownFileType = sourcecode.swift; path = DCReactionView.swift; sourceTree = "<group>"; };
		6958AC0D25BCA55F007159D2 /* ProfileResult.swift */ = {isa = PBXFileReference; lastKnownFileType = sourcecode.swift; path = ProfileResult.swift; sourceTree = "<group>"; };
		6961FB9925BB27420052B810 /* Font.swift */ = {isa = PBXFileReference; lastKnownFileType = sourcecode.swift; path = Font.swift; sourceTree = "<group>"; };
		696B43E625BD2E5200750CAA /* DCEditView.swift */ = {isa = PBXFileReference; lastKnownFileType = sourcecode.swift; path = DCEditView.swift; sourceTree = "<group>"; };
		696B43EC25BD2E6500750CAA /* DCEditView.xib */ = {isa = PBXFileReference; lastKnownFileType = file.xib; path = DCEditView.xib; sourceTree = "<group>"; };
		696B43F525BD3F8200750CAA /* DCStyle.swift */ = {isa = PBXFileReference; lastKnownFileType = sourcecode.swift; path = DCStyle.swift; sourceTree = "<group>"; };
		696B43FE25BD623F00750CAA /* PopupEditViewController.swift */ = {isa = PBXFileReference; lastKnownFileType = sourcecode.swift; path = PopupEditViewController.swift; sourceTree = "<group>"; };
		696B441325BDF09000750CAA /* pin_reply_list.json */ = {isa = PBXFileReference; fileEncoding = 4; lastKnownFileType = text.json; path = pin_reply_list.json; sourceTree = "<group>"; };
		6997C2FC25C11C8F0059AF92 /* WKWebView.swift */ = {isa = PBXFileReference; lastKnownFileType = sourcecode.swift; path = WKWebView.swift; sourceTree = "<group>"; };
		6997C30325C15FA60059AF92 /* Header.h */ = {isa = PBXFileReference; lastKnownFileType = sourcecode.c.h; path = Header.h; sourceTree = "<group>"; };
		69B65CBA25C1182F00F75F9F /* RichEditorView-Bridging-Header.h */ = {isa = PBXFileReference; fileEncoding = 4; lastKnownFileType = sourcecode.c.h; path = "RichEditorView-Bridging-Header.h"; sourceTree = "<group>"; };
		69B65CBC25C1182F00F75F9F /* CJWWebView+HackishAccessoryHiding.m */ = {isa = PBXFileReference; fileEncoding = 4; lastKnownFileType = sourcecode.c.objc; path = "CJWWebView+HackishAccessoryHiding.m"; sourceTree = "<group>"; };
		69B65CBD25C1182F00F75F9F /* RichEditorView.swift */ = {isa = PBXFileReference; fileEncoding = 4; lastKnownFileType = sourcecode.swift; path = RichEditorView.swift; sourceTree = "<group>"; };
		69B65CBE25C1182F00F75F9F /* String+Extensions.swift */ = {isa = PBXFileReference; fileEncoding = 4; lastKnownFileType = sourcecode.swift; path = "String+Extensions.swift"; sourceTree = "<group>"; };
		69B65CC025C1182F00F75F9F /* RichEditorToolbar.swift */ = {isa = PBXFileReference; fileEncoding = 4; lastKnownFileType = sourcecode.swift; path = RichEditorToolbar.swift; sourceTree = "<group>"; };
		69B65CC125C1182F00F75F9F /* RichEditorOptionItem.swift */ = {isa = PBXFileReference; fileEncoding = 4; lastKnownFileType = sourcecode.swift; path = RichEditorOptionItem.swift; sourceTree = "<group>"; };
		69B65CC225C1182F00F75F9F /* UIView+Responder.swift */ = {isa = PBXFileReference; fileEncoding = 4; lastKnownFileType = sourcecode.swift; path = "UIView+Responder.swift"; sourceTree = "<group>"; };
		69B65CC325C1182F00F75F9F /* CJWWebView+HackishAccessoryHiding.h */ = {isa = PBXFileReference; fileEncoding = 4; lastKnownFileType = sourcecode.c.h; path = "CJWWebView+HackishAccessoryHiding.h"; sourceTree = "<group>"; };
		69B65CC425C1182F00F75F9F /* RichEditorView.h */ = {isa = PBXFileReference; fileEncoding = 4; lastKnownFileType = sourcecode.c.h; path = RichEditorView.h; sourceTree = "<group>"; };
		69B65CC725C1182F00F75F9F /* h2@2x.png */ = {isa = PBXFileReference; lastKnownFileType = image.png; path = "h2@2x.png"; sourceTree = "<group>"; };
		69B65CC825C1182F00F75F9F /* outdent.png */ = {isa = PBXFileReference; lastKnownFileType = image.png; path = outdent.png; sourceTree = "<group>"; };
		69B65CC925C1182F00F75F9F /* text_color@2x.png */ = {isa = PBXFileReference; lastKnownFileType = image.png; path = "text_color@2x.png"; sourceTree = "<group>"; };
		69B65CCA25C1182F00F75F9F /* bg_color.png */ = {isa = PBXFileReference; lastKnownFileType = image.png; path = bg_color.png; sourceTree = "<group>"; };
		69B65CCB25C1182F00F75F9F /* bold.png */ = {isa = PBXFileReference; lastKnownFileType = image.png; path = bold.png; sourceTree = "<group>"; };
		69B65CCC25C1182F00F75F9F /* indent.png */ = {isa = PBXFileReference; lastKnownFileType = image.png; path = indent.png; sourceTree = "<group>"; };
		69B65CCD25C1182F00F75F9F /* unordered_list@2x.png */ = {isa = PBXFileReference; lastKnownFileType = image.png; path = "unordered_list@2x.png"; sourceTree = "<group>"; };
		69B65CCE25C1182F00F75F9F /* indent@2x.png */ = {isa = PBXFileReference; lastKnownFileType = image.png; path = "indent@2x.png"; sourceTree = "<group>"; };
		69B65CCF25C1182F00F75F9F /* justify_center@2x.png */ = {isa = PBXFileReference; lastKnownFileType = image.png; path = "justify_center@2x.png"; sourceTree = "<group>"; };
		69B65CD025C1182F00F75F9F /* insert_image.png */ = {isa = PBXFileReference; lastKnownFileType = image.png; path = insert_image.png; sourceTree = "<group>"; };
		69B65CD125C1182F00F75F9F /* ordered_list@2x.png */ = {isa = PBXFileReference; lastKnownFileType = image.png; path = "ordered_list@2x.png"; sourceTree = "<group>"; };
		69B65CD225C1182F00F75F9F /* clear.png */ = {isa = PBXFileReference; lastKnownFileType = image.png; path = clear.png; sourceTree = "<group>"; };
		69B65CD325C1182F00F75F9F /* underline@2x.png */ = {isa = PBXFileReference; lastKnownFileType = image.png; path = "underline@2x.png"; sourceTree = "<group>"; };
		69B65CD425C1182F00F75F9F /* strikethrough.png */ = {isa = PBXFileReference; lastKnownFileType = image.png; path = strikethrough.png; sourceTree = "<group>"; };
		69B65CD525C1182F00F75F9F /* h4@2x.png */ = {isa = PBXFileReference; lastKnownFileType = image.png; path = "h4@2x.png"; sourceTree = "<group>"; };
		69B65CD625C1182F00F75F9F /* ordered_list.png */ = {isa = PBXFileReference; lastKnownFileType = image.png; path = ordered_list.png; sourceTree = "<group>"; };
		69B65CD725C1182F00F75F9F /* h6@2x.png */ = {isa = PBXFileReference; lastKnownFileType = image.png; path = "h6@2x.png"; sourceTree = "<group>"; };
		69B65CD825C1182F00F75F9F /* justify_right@2x.png */ = {isa = PBXFileReference; lastKnownFileType = image.png; path = "justify_right@2x.png"; sourceTree = "<group>"; };
		69B65CD925C1182F00F75F9F /* subscript.png */ = {isa = PBXFileReference; lastKnownFileType = image.png; path = subscript.png; sourceTree = "<group>"; };
		69B65CDA25C1182F00F75F9F /* underline.png */ = {isa = PBXFileReference; lastKnownFileType = image.png; path = underline.png; sourceTree = "<group>"; };
		69B65CDB25C1182F00F75F9F /* h5.png */ = {isa = PBXFileReference; lastKnownFileType = image.png; path = h5.png; sourceTree = "<group>"; };
		69B65CDC25C1182F00F75F9F /* outdent@2x.png */ = {isa = PBXFileReference; lastKnownFileType = image.png; path = "outdent@2x.png"; sourceTree = "<group>"; };
		69B65CDD25C1182F00F75F9F /* superscript@2x.png */ = {isa = PBXFileReference; lastKnownFileType = image.png; path = "superscript@2x.png"; sourceTree = "<group>"; };
		69B65CDE25C1182F00F75F9F /* h4.png */ = {isa = PBXFileReference; lastKnownFileType = image.png; path = h4.png; sourceTree = "<group>"; };
		69B65CDF25C1182F00F75F9F /* h6.png */ = {isa = PBXFileReference; lastKnownFileType = image.png; path = h6.png; sourceTree = "<group>"; };
		69B65CE025C1182F00F75F9F /* strikethrough@2x.png */ = {isa = PBXFileReference; lastKnownFileType = image.png; path = "strikethrough@2x.png"; sourceTree = "<group>"; };
		69B65CE125C1182F00F75F9F /* h3@2x.png */ = {isa = PBXFileReference; lastKnownFileType = image.png; path = "h3@2x.png"; sourceTree = "<group>"; };
		69B65CE225C1182F00F75F9F /* h3.png */ = {isa = PBXFileReference; lastKnownFileType = image.png; path = h3.png; sourceTree = "<group>"; };
		69B65CE325C1182F00F75F9F /* undo@2x.png */ = {isa = PBXFileReference; lastKnownFileType = image.png; path = "undo@2x.png"; sourceTree = "<group>"; };
		69B65CE425C1182F00F75F9F /* h1@2x.png */ = {isa = PBXFileReference; lastKnownFileType = image.png; path = "h1@2x.png"; sourceTree = "<group>"; };
		69B65CE525C1182F00F75F9F /* italic.png */ = {isa = PBXFileReference; lastKnownFileType = image.png; path = italic.png; sourceTree = "<group>"; };
		69B65CE625C1182F00F75F9F /* insert_link.png */ = {isa = PBXFileReference; lastKnownFileType = image.png; path = insert_link.png; sourceTree = "<group>"; };
		69B65CE725C1182F00F75F9F /* h2.png */ = {isa = PBXFileReference; lastKnownFileType = image.png; path = h2.png; sourceTree = "<group>"; };
		69B65CE825C1182F00F75F9F /* undo.png */ = {isa = PBXFileReference; lastKnownFileType = image.png; path = undo.png; sourceTree = "<group>"; };
		69B65CE925C1182F00F75F9F /* h1.png */ = {isa = PBXFileReference; lastKnownFileType = image.png; path = h1.png; sourceTree = "<group>"; };
		69B65CEA25C1182F00F75F9F /* insert_link@2x.png */ = {isa = PBXFileReference; lastKnownFileType = image.png; path = "insert_link@2x.png"; sourceTree = "<group>"; };
		69B65CEB25C1182F00F75F9F /* bold@2x.png */ = {isa = PBXFileReference; lastKnownFileType = image.png; path = "bold@2x.png"; sourceTree = "<group>"; };
		69B65CEC25C1182F00F75F9F /* italic@2x.png */ = {isa = PBXFileReference; lastKnownFileType = image.png; path = "italic@2x.png"; sourceTree = "<group>"; };
		69B65CED25C1182F00F75F9F /* justify_center.png */ = {isa = PBXFileReference; lastKnownFileType = image.png; path = justify_center.png; sourceTree = "<group>"; };
		69B65CEE25C1183000F75F9F /* h5@2x.png */ = {isa = PBXFileReference; lastKnownFileType = image.png; path = "h5@2x.png"; sourceTree = "<group>"; };
		69B65CEF25C1183000F75F9F /* clear@2x.png */ = {isa = PBXFileReference; lastKnownFileType = image.png; path = "clear@2x.png"; sourceTree = "<group>"; };
		69B65CF025C1183000F75F9F /* subscript@2x.png */ = {isa = PBXFileReference; lastKnownFileType = image.png; path = "subscript@2x.png"; sourceTree = "<group>"; };
		69B65CF125C1183000F75F9F /* redo@2x.png */ = {isa = PBXFileReference; lastKnownFileType = image.png; path = "redo@2x.png"; sourceTree = "<group>"; };
		69B65CF225C1183000F75F9F /* justify_right.png */ = {isa = PBXFileReference; lastKnownFileType = image.png; path = justify_right.png; sourceTree = "<group>"; };
		69B65CF325C1183000F75F9F /* redo.png */ = {isa = PBXFileReference; lastKnownFileType = image.png; path = redo.png; sourceTree = "<group>"; };
		69B65CF425C1183000F75F9F /* unordered_list.png */ = {isa = PBXFileReference; lastKnownFileType = image.png; path = unordered_list.png; sourceTree = "<group>"; };
		69B65CF525C1183000F75F9F /* superscript.png */ = {isa = PBXFileReference; lastKnownFileType = image.png; path = superscript.png; sourceTree = "<group>"; };
		69B65CF625C1183000F75F9F /* insert_image@2x.png */ = {isa = PBXFileReference; lastKnownFileType = image.png; path = "insert_image@2x.png"; sourceTree = "<group>"; };
		69B65CF725C1183000F75F9F /* text_color.png */ = {isa = PBXFileReference; lastKnownFileType = image.png; path = text_color.png; sourceTree = "<group>"; };
		69B65CF825C1183000F75F9F /* justify_left.png */ = {isa = PBXFileReference; lastKnownFileType = image.png; path = justify_left.png; sourceTree = "<group>"; };
		69B65CF925C1183000F75F9F /* justify_left@2x.png */ = {isa = PBXFileReference; lastKnownFileType = image.png; path = "justify_left@2x.png"; sourceTree = "<group>"; };
		69B65CFA25C1183000F75F9F /* bg_color@2x.png */ = {isa = PBXFileReference; lastKnownFileType = image.png; path = "bg_color@2x.png"; sourceTree = "<group>"; };
		69B65CFC25C1183000F75F9F /* rich_editor_tests.js */ = {isa = PBXFileReference; fileEncoding = 4; lastKnownFileType = sourcecode.javascript; path = rich_editor_tests.js; sourceTree = "<group>"; };
		69B65CFD25C1183000F75F9F /* assert.js */ = {isa = PBXFileReference; fileEncoding = 4; lastKnownFileType = sourcecode.javascript; path = assert.js; sourceTree = "<group>"; };
		69B65CFE25C1183000F75F9F /* rich_editor.js */ = {isa = PBXFileReference; fileEncoding = 4; lastKnownFileType = sourcecode.javascript; path = rich_editor.js; sourceTree = "<group>"; };
		69B65CFF25C1183000F75F9F /* rich_editor_tests.html */ = {isa = PBXFileReference; fileEncoding = 4; lastKnownFileType = text.html; path = rich_editor_tests.html; sourceTree = "<group>"; };
		69B65D0025C1183000F75F9F /* rich_editor.html */ = {isa = PBXFileReference; fileEncoding = 4; lastKnownFileType = text.html; path = rich_editor.html; sourceTree = "<group>"; };
		69B65D0125C1183000F75F9F /* style.css */ = {isa = PBXFileReference; fileEncoding = 4; lastKnownFileType = text.css; path = style.css; sourceTree = "<group>"; };
		69B65D0225C1183000F75F9F /* normalize.css */ = {isa = PBXFileReference; fileEncoding = 4; lastKnownFileType = text.css; path = normalize.css; sourceTree = "<group>"; };
		69D6818825B466830017F986 /* reply_list.json */ = {isa = PBXFileReference; fileEncoding = 4; lastKnownFileType = text.json; path = reply_list.json; sourceTree = "<group>"; };
/* End PBXFileReference section */

/* Begin PBXFrameworksBuildPhase section */
		6923596325B177A800F1880A /* Frameworks */ = {
			isa = PBXFrameworksBuildPhase;
			buildActionMask = 2147483647;
			files = (
				24427D32A4DEE52C7666CD8D /* Pods_DiscussionBoard.framework in Frameworks */,
			);
			runOnlyForDeploymentPostprocessing = 0;
		};
		6923597925B177AB00F1880A /* Frameworks */ = {
			isa = PBXFrameworksBuildPhase;
			buildActionMask = 2147483647;
			files = (
			);
			runOnlyForDeploymentPostprocessing = 0;
		};
		6923598425B177AB00F1880A /* Frameworks */ = {
			isa = PBXFrameworksBuildPhase;
			buildActionMask = 2147483647;
			files = (
			);
			runOnlyForDeploymentPostprocessing = 0;
		};
/* End PBXFrameworksBuildPhase section */

/* Begin PBXGroup section */
		6923595D25B177A800F1880A = {
			isa = PBXGroup;
			children = (
				6923596825B177A800F1880A /* DiscussionBoard */,
				6923597F25B177AB00F1880A /* DiscussionBoardTests */,
				6923598A25B177AB00F1880A /* DiscussionBoardUITests */,
				6923596725B177A800F1880A /* Products */,
				B05748F39C974A38EC9BB9E8 /* Pods */,
				CED124E1720842E7680282C3 /* Frameworks */,
			);
			sourceTree = "<group>";
		};
		6923596725B177A800F1880A /* Products */ = {
			isa = PBXGroup;
			children = (
				6923596625B177A800F1880A /* DiscussionBoard.app */,
				6923597C25B177AB00F1880A /* DiscussionBoardTests.xctest */,
				6923598725B177AB00F1880A /* DiscussionBoardUITests.xctest */,
			);
			name = Products;
			sourceTree = "<group>";
		};
		6923596825B177A800F1880A /* DiscussionBoard */ = {
			isa = PBXGroup;
			children = (
				6923596925B177A800F1880A /* AppDelegate.swift */,
				6997C30325C15FA60059AF92 /* Header.h */,
				69235A3325B338B500F1880A /* Fonts */,
				6923596B25B177A800F1880A /* SceneDelegate.swift */,
				692359B125B1A77900F1880A /* PublicSetting.swift */,
				69235A0825B201F000F1880A /* Results.swift */,
				69235A1925B3162E00F1880A /* JSON.swift */,
				696B441325BDF09000750CAA /* pin_reply_list.json */,
				69D6818825B466830017F986 /* reply_list.json */,
				69235A2025B316B000F1880A /* post.json */,
				69235A6E25B34D0200F1880A /* Extensions */,
				6923596D25B177A800F1880A /* ViewController.swift */,
				6950063125B73B2600AB7C9C /* DiscussionBoard */,
				6923596F25B177A800F1880A /* Main.storyboard */,
				692CA1A525C0680200B3B8F0 /* Learning */,
				6923597425B177AB00F1880A /* LaunchScreen.storyboard */,
				69B65CB825C1182F00F75F9F /* ExternalLibs */,
				6950064525B73BD300AB7C9C /* Assets.xcassets */,
				6923597725B177AB00F1880A /* Info.plist */,
			);
			path = DiscussionBoard;
			sourceTree = "<group>";
		};
		6923597F25B177AB00F1880A /* DiscussionBoardTests */ = {
			isa = PBXGroup;
			children = (
				6923598025B177AB00F1880A /* DiscussionBoardTests.swift */,
				6923598225B177AB00F1880A /* Info.plist */,
			);
			path = DiscussionBoardTests;
			sourceTree = "<group>";
		};
		6923598A25B177AB00F1880A /* DiscussionBoardUITests */ = {
			isa = PBXGroup;
			children = (
				6923598B25B177AB00F1880A /* DiscussionBoardUITests.swift */,
				6923598D25B177AB00F1880A /* Info.plist */,
			);
			path = DiscussionBoardUITests;
			sourceTree = "<group>";
		};
		69235A3325B338B500F1880A /* Fonts */ = {
			isa = PBXGroup;
			children = (
				69235A3525B338C800F1880A /* IBMPlexSansThai-Bold.ttf */,
				69235A3625B338C800F1880A /* IBMPlexSansThai-Medium.ttf */,
				69235A3425B338C800F1880A /* IBMPlexSansThai-Text.ttf */,
			);
			path = Fonts;
			sourceTree = "<group>";
		};
		69235A6E25B34D0200F1880A /* Extensions */ = {
			isa = PBXGroup;
			children = (
				692359AC25B1A69400F1880A /* Extension.swift */,
				6997C2FC25C11C8F0059AF92 /* WKWebView.swift */,
				6961FB9925BB27420052B810 /* Font.swift */,
				692CA1B925C08FA700B3B8F0 /* UIDevice.swift */,
				693D7E4A25B94C5D00596387 /* UIStackView.swift */,
				6943190625B809380053B477 /* UIButton.swift */,
				6950062A25B710A100AB7C9C /* CALayer.swift */,
				6950061C25B6D1CB00AB7C9C /* Int.swift */,
				6950062325B6D26A00AB7C9C /* String.swift */,
				69235A6725B34C9600F1880A /* Color.swift */,
				69235A4625B33AB700F1880A /* UIImageView.swift */,
			);
			path = Extensions;
			sourceTree = "<group>";
		};
		692CA1A525C0680200B3B8F0 /* Learning */ = {
			isa = PBXGroup;
			children = (
				692CA1A025C067FD00B3B8F0 /* LearningTimeViewController.swift */,
				692CA1B425C08B0700B3B8F0 /* Assets.xcassets */,
				692CA1A625C0682E00B3B8F0 /* LearningTimeView.swift */,
				692CA1A725C0682F00B3B8F0 /* LearningTimeView.xib */,
			);
			path = Learning;
			sourceTree = "<group>";
		};
		693D7E1B25B9273E00596387 /* views */ = {
			isa = PBXGroup;
			children = (
				6958ABFD25BC91D8007159D2 /* DCReactionView.swift */,
				693D7E0725B9271100596387 /* DCPostView.swift */,
				693D7E1125B9272800596387 /* DCPostView.xib */,
				693D7DF925B926A700596387 /* DCPinView.swift */,
				693D7E0025B926B600596387 /* DCPinView.xib */,
				693D7E2225B9276D00596387 /* DCReplyView.swift */,
				693D7E2925B9279200596387 /* DCReplyView.xib */,
				6958ABF425BBF9DF007159D2 /* DCAddReplyView.swift */,
				6958ABF325BBF9DF007159D2 /* DCAddReplyView.xib */,
				696B43E625BD2E5200750CAA /* DCEditView.swift */,
				696B43EC25BD2E6500750CAA /* DCEditView.xib */,
			);
			path = views;
			sourceTree = "<group>";
		};
		6950063125B73B2600AB7C9C /* DiscussionBoard */ = {
			isa = PBXGroup;
			children = (
				692359C525B1C2F000F1880A /* Discussion.storyboard */,
				696B43F525BD3F8200750CAA /* DCStyle.swift */,
				693D7E1B25B9273E00596387 /* views */,
				696B43DE25BD2D6000750CAA /* models */,
				696B43DF25BD2DCA00750CAA /* controllers */,
				6923597225B177AB00F1880A /* Assets.xcassets */,
			);
			path = DiscussionBoard;
			sourceTree = "<group>";
		};
		696B43DE25BD2D6000750CAA /* models */ = {
			isa = PBXGroup;
			children = (
				6958AC0D25BCA55F007159D2 /* ProfileResult.swift */,
				69235A0125B201BE00F1880A /* DiscussionBoardPageResult.swift */,
			);
			path = models;
			sourceTree = "<group>";
		};
		696B43DF25BD2DCA00750CAA /* controllers */ = {
			isa = PBXGroup;
			children = (
				693D7E4325B94AD900596387 /* DiscussionListViewController.swift */,
				696B43FE25BD623F00750CAA /* PopupEditViewController.swift */,
				692359F125B1FE8D00F1880A /* DiscussionViewModel.swift */,
				692359BD25B1C27E00F1880A /* DiscussionPostViewController.swift */,
			);
			path = controllers;
			sourceTree = "<group>";
		};
		69B65CB825C1182F00F75F9F /* ExternalLibs */ = {
			isa = PBXGroup;
			children = (
				69B65CB925C1182F00F75F9F /* RichEditorView */,
			);
			path = ExternalLibs;
			sourceTree = "<group>";
		};
		69B65CB925C1182F00F75F9F /* RichEditorView */ = {
			isa = PBXGroup;
			children = (
				69B65CBA25C1182F00F75F9F /* RichEditorView-Bridging-Header.h */,
				69B65CBB25C1182F00F75F9F /* Classes */,
				69B65CC425C1182F00F75F9F /* RichEditorView.h */,
				69B65CC525C1182F00F75F9F /* Assets */,
			);
			path = RichEditorView;
			sourceTree = "<group>";
		};
		69B65CBB25C1182F00F75F9F /* Classes */ = {
			isa = PBXGroup;
			children = (
				69B65CBC25C1182F00F75F9F /* CJWWebView+HackishAccessoryHiding.m */,
				69B65CBD25C1182F00F75F9F /* RichEditorView.swift */,
				69B65CBE25C1182F00F75F9F /* String+Extensions.swift */,
				69B65CC025C1182F00F75F9F /* RichEditorToolbar.swift */,
				69B65CC125C1182F00F75F9F /* RichEditorOptionItem.swift */,
				69B65CC225C1182F00F75F9F /* UIView+Responder.swift */,
				69B65CC325C1182F00F75F9F /* CJWWebView+HackishAccessoryHiding.h */,
			);
			path = Classes;
			sourceTree = "<group>";
		};
		69B65CC525C1182F00F75F9F /* Assets */ = {
			isa = PBXGroup;
			children = (
				69B65CC625C1182F00F75F9F /* icons */,
				69B65CFB25C1183000F75F9F /* editor */,
			);
			path = Assets;
			sourceTree = "<group>";
		};
		69B65CC625C1182F00F75F9F /* icons */ = {
			isa = PBXGroup;
			children = (
				69B65CC725C1182F00F75F9F /* h2@2x.png */,
				69B65CC825C1182F00F75F9F /* outdent.png */,
				69B65CC925C1182F00F75F9F /* text_color@2x.png */,
				69B65CCA25C1182F00F75F9F /* bg_color.png */,
				69B65CCB25C1182F00F75F9F /* bold.png */,
				69B65CCC25C1182F00F75F9F /* indent.png */,
				69B65CCD25C1182F00F75F9F /* unordered_list@2x.png */,
				69B65CCE25C1182F00F75F9F /* indent@2x.png */,
				69B65CCF25C1182F00F75F9F /* justify_center@2x.png */,
				69B65CD025C1182F00F75F9F /* insert_image.png */,
				69B65CD125C1182F00F75F9F /* ordered_list@2x.png */,
				69B65CD225C1182F00F75F9F /* clear.png */,
				69B65CD325C1182F00F75F9F /* underline@2x.png */,
				69B65CD425C1182F00F75F9F /* strikethrough.png */,
				69B65CD525C1182F00F75F9F /* h4@2x.png */,
				69B65CD625C1182F00F75F9F /* ordered_list.png */,
				69B65CD725C1182F00F75F9F /* h6@2x.png */,
				69B65CD825C1182F00F75F9F /* justify_right@2x.png */,
				69B65CD925C1182F00F75F9F /* subscript.png */,
				69B65CDA25C1182F00F75F9F /* underline.png */,
				69B65CDB25C1182F00F75F9F /* h5.png */,
				69B65CDC25C1182F00F75F9F /* outdent@2x.png */,
				69B65CDD25C1182F00F75F9F /* superscript@2x.png */,
				69B65CDE25C1182F00F75F9F /* h4.png */,
				69B65CDF25C1182F00F75F9F /* h6.png */,
				69B65CE025C1182F00F75F9F /* strikethrough@2x.png */,
				69B65CE125C1182F00F75F9F /* h3@2x.png */,
				69B65CE225C1182F00F75F9F /* h3.png */,
				69B65CE325C1182F00F75F9F /* undo@2x.png */,
				69B65CE425C1182F00F75F9F /* h1@2x.png */,
				69B65CE525C1182F00F75F9F /* italic.png */,
				69B65CE625C1182F00F75F9F /* insert_link.png */,
				69B65CE725C1182F00F75F9F /* h2.png */,
				69B65CE825C1182F00F75F9F /* undo.png */,
				69B65CE925C1182F00F75F9F /* h1.png */,
				69B65CEA25C1182F00F75F9F /* insert_link@2x.png */,
				69B65CEB25C1182F00F75F9F /* bold@2x.png */,
				69B65CEC25C1182F00F75F9F /* italic@2x.png */,
				69B65CED25C1182F00F75F9F /* justify_center.png */,
				69B65CEE25C1183000F75F9F /* h5@2x.png */,
				69B65CEF25C1183000F75F9F /* clear@2x.png */,
				69B65CF025C1183000F75F9F /* subscript@2x.png */,
				69B65CF125C1183000F75F9F /* redo@2x.png */,
				69B65CF225C1183000F75F9F /* justify_right.png */,
				69B65CF325C1183000F75F9F /* redo.png */,
				69B65CF425C1183000F75F9F /* unordered_list.png */,
				69B65CF525C1183000F75F9F /* superscript.png */,
				69B65CF625C1183000F75F9F /* insert_image@2x.png */,
				69B65CF725C1183000F75F9F /* text_color.png */,
				69B65CF825C1183000F75F9F /* justify_left.png */,
				69B65CF925C1183000F75F9F /* justify_left@2x.png */,
				69B65CFA25C1183000F75F9F /* bg_color@2x.png */,
			);
			path = icons;
			sourceTree = "<group>";
		};
		69B65CFB25C1183000F75F9F /* editor */ = {
			isa = PBXGroup;
			children = (
				69B65CFC25C1183000F75F9F /* rich_editor_tests.js */,
				69B65CFD25C1183000F75F9F /* assert.js */,
				69B65CFE25C1183000F75F9F /* rich_editor.js */,
				69B65CFF25C1183000F75F9F /* rich_editor_tests.html */,
				69B65D0025C1183000F75F9F /* rich_editor.html */,
				69B65D0125C1183000F75F9F /* style.css */,
				69B65D0225C1183000F75F9F /* normalize.css */,
			);
			path = editor;
			sourceTree = "<group>";
		};
		B05748F39C974A38EC9BB9E8 /* Pods */ = {
			isa = PBXGroup;
			children = (
				4B205FA16D6A7C9C7D0764C5 /* Pods-DiscussionBoard.debug.xcconfig */,
				3B271BC6021FF315491597FB /* Pods-DiscussionBoard.release.xcconfig */,
			);
			path = Pods;
			sourceTree = "<group>";
		};
		CED124E1720842E7680282C3 /* Frameworks */ = {
			isa = PBXGroup;
			children = (
				450FE02AEDC00242FB740CDE /* Pods_DiscussionBoard.framework */,
			);
			name = Frameworks;
			sourceTree = "<group>";
		};
/* End PBXGroup section */

/* Begin PBXNativeTarget section */
		6923596525B177A800F1880A /* DiscussionBoard */ = {
			isa = PBXNativeTarget;
			buildConfigurationList = 6923599025B177AB00F1880A /* Build configuration list for PBXNativeTarget "DiscussionBoard" */;
			buildPhases = (
				64BF4897EC0633397531C525 /* [CP] Check Pods Manifest.lock */,
				6923596225B177A800F1880A /* Sources */,
				6923596325B177A800F1880A /* Frameworks */,
				6923596425B177A800F1880A /* Resources */,
				0805D3824289215139EBA53A /* [CP] Embed Pods Frameworks */,
			);
			buildRules = (
			);
			dependencies = (
			);
			name = DiscussionBoard;
			productName = DiscussionBoard;
			productReference = 6923596625B177A800F1880A /* DiscussionBoard.app */;
			productType = "com.apple.product-type.application";
		};
		6923597B25B177AB00F1880A /* DiscussionBoardTests */ = {
			isa = PBXNativeTarget;
			buildConfigurationList = 6923599325B177AB00F1880A /* Build configuration list for PBXNativeTarget "DiscussionBoardTests" */;
			buildPhases = (
				6923597825B177AB00F1880A /* Sources */,
				6923597925B177AB00F1880A /* Frameworks */,
				6923597A25B177AB00F1880A /* Resources */,
			);
			buildRules = (
			);
			dependencies = (
				6923597E25B177AB00F1880A /* PBXTargetDependency */,
			);
			name = DiscussionBoardTests;
			productName = DiscussionBoardTests;
			productReference = 6923597C25B177AB00F1880A /* DiscussionBoardTests.xctest */;
			productType = "com.apple.product-type.bundle.unit-test";
		};
		6923598625B177AB00F1880A /* DiscussionBoardUITests */ = {
			isa = PBXNativeTarget;
			buildConfigurationList = 6923599625B177AB00F1880A /* Build configuration list for PBXNativeTarget "DiscussionBoardUITests" */;
			buildPhases = (
				6923598325B177AB00F1880A /* Sources */,
				6923598425B177AB00F1880A /* Frameworks */,
				6923598525B177AB00F1880A /* Resources */,
			);
			buildRules = (
			);
			dependencies = (
				6923598925B177AB00F1880A /* PBXTargetDependency */,
			);
			name = DiscussionBoardUITests;
			productName = DiscussionBoardUITests;
			productReference = 6923598725B177AB00F1880A /* DiscussionBoardUITests.xctest */;
			productType = "com.apple.product-type.bundle.ui-testing";
		};
/* End PBXNativeTarget section */

/* Begin PBXProject section */
		6923595E25B177A800F1880A /* Project object */ = {
			isa = PBXProject;
			attributes = {
				LastSwiftUpdateCheck = 1220;
				LastUpgradeCheck = 1220;
				TargetAttributes = {
					6923596525B177A800F1880A = {
						CreatedOnToolsVersion = 12.2;
					};
					6923597B25B177AB00F1880A = {
						CreatedOnToolsVersion = 12.2;
						TestTargetID = 6923596525B177A800F1880A;
					};
					6923598625B177AB00F1880A = {
						CreatedOnToolsVersion = 12.2;
						TestTargetID = 6923596525B177A800F1880A;
					};
				};
			};
			buildConfigurationList = 6923596125B177A800F1880A /* Build configuration list for PBXProject "DiscussionBoard" */;
			compatibilityVersion = "Xcode 9.3";
			developmentRegion = en;
			hasScannedForEncodings = 0;
			knownRegions = (
				en,
				Base,
			);
			mainGroup = 6923595D25B177A800F1880A;
			productRefGroup = 6923596725B177A800F1880A /* Products */;
			projectDirPath = "";
			projectRoot = "";
			targets = (
				6923596525B177A800F1880A /* DiscussionBoard */,
				6923597B25B177AB00F1880A /* DiscussionBoardTests */,
				6923598625B177AB00F1880A /* DiscussionBoardUITests */,
			);
		};
/* End PBXProject section */

/* Begin PBXResourcesBuildPhase section */
		6923596425B177A800F1880A /* Resources */ = {
			isa = PBXResourcesBuildPhase;
			buildActionMask = 2147483647;
			files = (
				69B65D2425C1183000F75F9F /* strikethrough@2x.png in Resources */,
				693D7E2A25B9279200596387 /* DCReplyView.xib in Resources */,
				692359C625B1C2F000F1880A /* Discussion.storyboard in Resources */,
				69B65D3F25C1183000F75F9F /* rich_editor_tests.js in Resources */,
				69B65D1D25C1183000F75F9F /* subscript.png in Resources */,
				69235A3725B338C900F1880A /* IBMPlexSansThai-Text.ttf in Resources */,
				69B65D3A25C1183000F75F9F /* insert_image@2x.png in Resources */,
				69B65D2E25C1183000F75F9F /* insert_link@2x.png in Resources */,
				69B65D0D25C1183000F75F9F /* text_color@2x.png in Resources */,
				69B65D2525C1183000F75F9F /* h3@2x.png in Resources */,
				6950064625B73BD300AB7C9C /* Assets.xcassets in Resources */,
				69B65D4325C1183000F75F9F /* rich_editor.html in Resources */,
				6958ABF525BBF9DF007159D2 /* DCAddReplyView.xib in Resources */,
				69B65D1B25C1183000F75F9F /* h6@2x.png in Resources */,
				69B65D1E25C1183000F75F9F /* underline.png in Resources */,
				69B65D0C25C1183000F75F9F /* outdent.png in Resources */,
				69B65D2625C1183000F75F9F /* h3.png in Resources */,
				69B65D1C25C1183000F75F9F /* justify_right@2x.png in Resources */,
				69B65D4225C1183000F75F9F /* rich_editor_tests.html in Resources */,
				69B65D2225C1183000F75F9F /* h4.png in Resources */,
				69B65D2825C1183000F75F9F /* h1@2x.png in Resources */,
				69B65D1025C1183000F75F9F /* indent.png in Resources */,
				6923597625B177AB00F1880A /* LaunchScreen.storyboard in Resources */,
				69B65D1F25C1183000F75F9F /* h5.png in Resources */,
				69B65D4025C1183000F75F9F /* assert.js in Resources */,
				69B65D4425C1183000F75F9F /* style.css in Resources */,
				692CA1A925C0682F00B3B8F0 /* LearningTimeView.xib in Resources */,
				69B65D3325C1183000F75F9F /* clear@2x.png in Resources */,
				696B441425BDF09000750CAA /* pin_reply_list.json in Resources */,
				69B65D0E25C1183000F75F9F /* bg_color.png in Resources */,
				69B65D2A25C1183000F75F9F /* insert_link.png in Resources */,
				69B65D1525C1183000F75F9F /* ordered_list@2x.png in Resources */,
				69B65D3C25C1183000F75F9F /* justify_left.png in Resources */,
				69B65D1A25C1183000F75F9F /* ordered_list.png in Resources */,
				69B65D3625C1183000F75F9F /* justify_right.png in Resources */,
				69235A3A25B338C900F1880A /* IBMPlexSansThai-Bold.ttf in Resources */,
				693D7E1225B9272800596387 /* DCPostView.xib in Resources */,
				69B65D1425C1183000F75F9F /* insert_image.png in Resources */,
				69235A2125B316B000F1880A /* post.json in Resources */,
				69B65D2325C1183000F75F9F /* h6.png in Resources */,
				69B65D3E25C1183000F75F9F /* bg_color@2x.png in Resources */,
				69B65D3125C1183000F75F9F /* justify_center.png in Resources */,
				69B65D2125C1183000F75F9F /* superscript@2x.png in Resources */,
				69B65D1125C1183000F75F9F /* unordered_list@2x.png in Resources */,
				69B65D3525C1183000F75F9F /* redo@2x.png in Resources */,
				69235A3D25B338C900F1880A /* IBMPlexSansThai-Medium.ttf in Resources */,
				69B65D2C25C1183000F75F9F /* undo.png in Resources */,
				69B65D0B25C1183000F75F9F /* h2@2x.png in Resources */,
				69B65D3B25C1183000F75F9F /* text_color.png in Resources */,
				69B65D4125C1183000F75F9F /* rich_editor.js in Resources */,
				69B65D3825C1183000F75F9F /* unordered_list.png in Resources */,
				69B65D2B25C1183000F75F9F /* h2.png in Resources */,
				69B65D0F25C1183000F75F9F /* bold.png in Resources */,
				69B65D3425C1183000F75F9F /* subscript@2x.png in Resources */,
				69D6818925B466830017F986 /* reply_list.json in Resources */,
				693D7E0125B926B600596387 /* DCPinView.xib in Resources */,
				69B65D1825C1183000F75F9F /* strikethrough.png in Resources */,
				69B65D2725C1183000F75F9F /* undo@2x.png in Resources */,
				69B65D3D25C1183000F75F9F /* justify_left@2x.png in Resources */,
				69B65D3725C1183000F75F9F /* redo.png in Resources */,
				69B65D2D25C1183000F75F9F /* h1.png in Resources */,
				69B65D2F25C1183000F75F9F /* bold@2x.png in Resources */,
				69B65D2025C1183000F75F9F /* outdent@2x.png in Resources */,
				69B65D1925C1183000F75F9F /* h4@2x.png in Resources */,
				6923597325B177AB00F1880A /* Assets.xcassets in Resources */,
				6923597125B177A800F1880A /* Main.storyboard in Resources */,
				69B65D3225C1183000F75F9F /* h5@2x.png in Resources */,
				69B65D3025C1183000F75F9F /* italic@2x.png in Resources */,
				692CA1B525C08B0700B3B8F0 /* Assets.xcassets in Resources */,
				69B65D4525C1183000F75F9F /* normalize.css in Resources */,
				69B65D1225C1183000F75F9F /* indent@2x.png in Resources */,
				69B65D3925C1183000F75F9F /* superscript.png in Resources */,
				69B65D2925C1183000F75F9F /* italic.png in Resources */,
				69B65D1625C1183000F75F9F /* clear.png in Resources */,
				69B65D1725C1183000F75F9F /* underline@2x.png in Resources */,
				696B43ED25BD2E6500750CAA /* DCEditView.xib in Resources */,
				69B65D1325C1183000F75F9F /* justify_center@2x.png in Resources */,
			);
			runOnlyForDeploymentPostprocessing = 0;
		};
		6923597A25B177AB00F1880A /* Resources */ = {
			isa = PBXResourcesBuildPhase;
			buildActionMask = 2147483647;
			files = (
				69D6818A25B466830017F986 /* reply_list.json in Resources */,
				693D7E2B25B9279200596387 /* DCReplyView.xib in Resources */,
				69235A3B25B338C900F1880A /* IBMPlexSansThai-Bold.ttf in Resources */,
				6950064725B73BD300AB7C9C /* Assets.xcassets in Resources */,
				69235A3825B338C900F1880A /* IBMPlexSansThai-Text.ttf in Resources */,
				69235A3E25B338C900F1880A /* IBMPlexSansThai-Medium.ttf in Resources */,
				693D7E0225B926B600596387 /* DCPinView.xib in Resources */,
				69235A2225B316B000F1880A /* post.json in Resources */,
				693D7E1325B9272800596387 /* DCPostView.xib in Resources */,
				696B43EE25BD2E6500750CAA /* DCEditView.xib in Resources */,
			);
			runOnlyForDeploymentPostprocessing = 0;
		};
		6923598525B177AB00F1880A /* Resources */ = {
			isa = PBXResourcesBuildPhase;
			buildActionMask = 2147483647;
			files = (
				69D6818B25B466830017F986 /* reply_list.json in Resources */,
				693D7E2C25B9279200596387 /* DCReplyView.xib in Resources */,
				69235A3C25B338C900F1880A /* IBMPlexSansThai-Bold.ttf in Resources */,
				6950064825B73BD300AB7C9C /* Assets.xcassets in Resources */,
				69235A3925B338C900F1880A /* IBMPlexSansThai-Text.ttf in Resources */,
				69235A3F25B338C900F1880A /* IBMPlexSansThai-Medium.ttf in Resources */,
				693D7E0325B926B600596387 /* DCPinView.xib in Resources */,
				69235A2325B316B000F1880A /* post.json in Resources */,
				693D7E1425B9272800596387 /* DCPostView.xib in Resources */,
			);
			runOnlyForDeploymentPostprocessing = 0;
		};
/* End PBXResourcesBuildPhase section */

/* Begin PBXShellScriptBuildPhase section */
		0805D3824289215139EBA53A /* [CP] Embed Pods Frameworks */ = {
			isa = PBXShellScriptBuildPhase;
			buildActionMask = 2147483647;
			files = (
			);
			inputFileListPaths = (
				"${PODS_ROOT}/Target Support Files/Pods-DiscussionBoard/Pods-DiscussionBoard-frameworks-${CONFIGURATION}-input-files.xcfilelist",
			);
			name = "[CP] Embed Pods Frameworks";
			outputFileListPaths = (
				"${PODS_ROOT}/Target Support Files/Pods-DiscussionBoard/Pods-DiscussionBoard-frameworks-${CONFIGURATION}-output-files.xcfilelist",
			);
			runOnlyForDeploymentPostprocessing = 0;
			shellPath = /bin/sh;
			shellScript = "\"${PODS_ROOT}/Target Support Files/Pods-DiscussionBoard/Pods-DiscussionBoard-frameworks.sh\"\n";
			showEnvVarsInLog = 0;
		};
		64BF4897EC0633397531C525 /* [CP] Check Pods Manifest.lock */ = {
			isa = PBXShellScriptBuildPhase;
			buildActionMask = 2147483647;
			files = (
			);
			inputFileListPaths = (
			);
			inputPaths = (
				"${PODS_PODFILE_DIR_PATH}/Podfile.lock",
				"${PODS_ROOT}/Manifest.lock",
			);
			name = "[CP] Check Pods Manifest.lock";
			outputFileListPaths = (
			);
			outputPaths = (
				"$(DERIVED_FILE_DIR)/Pods-DiscussionBoard-checkManifestLockResult.txt",
			);
			runOnlyForDeploymentPostprocessing = 0;
			shellPath = /bin/sh;
			shellScript = "diff \"${PODS_PODFILE_DIR_PATH}/Podfile.lock\" \"${PODS_ROOT}/Manifest.lock\" > /dev/null\nif [ $? != 0 ] ; then\n    # print error to STDERR\n    echo \"error: The sandbox is not in sync with the Podfile.lock. Run 'pod install' or update your CocoaPods installation.\" >&2\n    exit 1\nfi\n# This output is used by Xcode 'outputs' to avoid re-running this script phase.\necho \"SUCCESS\" > \"${SCRIPT_OUTPUT_FILE_0}\"\n";
			showEnvVarsInLog = 0;
		};
/* End PBXShellScriptBuildPhase section */

/* Begin PBXSourcesBuildPhase section */
		6923596225B177A800F1880A /* Sources */ = {
			isa = PBXSourcesBuildPhase;
			buildActionMask = 2147483647;
			files = (
				69B65D0425C1183000F75F9F /* CJWWebView+HackishAccessoryHiding.m in Sources */,
				696B43FF25BD623F00750CAA /* PopupEditViewController.swift in Sources */,
				6950062425B6D26A00AB7C9C /* String.swift in Sources */,
				6923596E25B177A800F1880A /* ViewController.swift in Sources */,
				696B43E725BD2E5200750CAA /* DCEditView.swift in Sources */,
				69235A1A25B3162E00F1880A /* JSON.swift in Sources */,
				69235A4725B33AB700F1880A /* UIImageView.swift in Sources */,
				6923596A25B177A800F1880A /* AppDelegate.swift in Sources */,
				692359F225B1FE8E00F1880A /* DiscussionViewModel.swift in Sources */,
				6961FB9A25BB27430052B810 /* Font.swift in Sources */,
				69B65D0825C1183000F75F9F /* RichEditorToolbar.swift in Sources */,
				69B65D0925C1183000F75F9F /* RichEditorOptionItem.swift in Sources */,
				69B65D0525C1183000F75F9F /* RichEditorView.swift in Sources */,
				692CA1A125C067FD00B3B8F0 /* LearningTimeViewController.swift in Sources */,
				69B65D0A25C1183000F75F9F /* UIView+Responder.swift in Sources */,
				69B65D0625C1183000F75F9F /* String+Extensions.swift in Sources */,
				692359B225B1A77900F1880A /* PublicSetting.swift in Sources */,
				696B43F625BD3F8200750CAA /* DCStyle.swift in Sources */,
				6950062B25B710A200AB7C9C /* CALayer.swift in Sources */,
				69235A0225B201BE00F1880A /* DiscussionBoardPageResult.swift in Sources */,
				693D7E0825B9271100596387 /* DCPostView.swift in Sources */,
				6997C2FD25C11C8F0059AF92 /* WKWebView.swift in Sources */,
				6943190725B809380053B477 /* UIButton.swift in Sources */,
				69235A6825B34C9600F1880A /* Color.swift in Sources */,
				69235A0925B201F000F1880A /* Results.swift in Sources */,
				6923596C25B177A800F1880A /* SceneDelegate.swift in Sources */,
				6958ABF625BBF9DF007159D2 /* DCAddReplyView.swift in Sources */,
				6958ABFE25BC91D8007159D2 /* DCReactionView.swift in Sources */,
				693D7E2325B9276D00596387 /* DCReplyView.swift in Sources */,
				692CA1BA25C08FA700B3B8F0 /* UIDevice.swift in Sources */,
				693D7DFA25B926A700596387 /* DCPinView.swift in Sources */,
				692359AD25B1A69400F1880A /* Extension.swift in Sources */,
				693D7E4B25B94C5D00596387 /* UIStackView.swift in Sources */,
				6950061D25B6D1CC00AB7C9C /* Int.swift in Sources */,
				693D7E4425B94ADA00596387 /* DiscussionListViewController.swift in Sources */,
				692CA1A825C0682F00B3B8F0 /* LearningTimeView.swift in Sources */,
				692359BE25B1C27E00F1880A /* DiscussionPostViewController.swift in Sources */,
				6958AC0E25BCA55F007159D2 /* ProfileResult.swift in Sources */,
			);
			runOnlyForDeploymentPostprocessing = 0;
		};
		6923597825B177AB00F1880A /* Sources */ = {
			isa = PBXSourcesBuildPhase;
			buildActionMask = 2147483647;
			files = (
				6950062525B6D26A00AB7C9C /* String.swift in Sources */,
				69235A4825B33AB700F1880A /* UIImageView.swift in Sources */,
				6961FB9B25BB27430052B810 /* Font.swift in Sources */,
				693D7E2425B9276D00596387 /* DCReplyView.swift in Sources */,
				69235A0A25B201F000F1880A /* Results.swift in Sources */,
				6950061E25B6D1CC00AB7C9C /* Int.swift in Sources */,
				693D7E0925B9271100596387 /* DCPostView.swift in Sources */,
				6943190825B809380053B477 /* UIButton.swift in Sources */,
				696B43F725BD3F8200750CAA /* DCStyle.swift in Sources */,
				69235A1B25B3162E00F1880A /* JSON.swift in Sources */,
				696B43E825BD2E5200750CAA /* DCEditView.swift in Sources */,
				69235A0325B201BE00F1880A /* DiscussionBoardPageResult.swift in Sources */,
				692359F325B1FE8E00F1880A /* DiscussionViewModel.swift in Sources */,
				693D7E4525B94ADA00596387 /* DiscussionListViewController.swift in Sources */,
				696B440025BD623F00750CAA /* PopupEditViewController.swift in Sources */,
				6950062C25B710A200AB7C9C /* CALayer.swift in Sources */,
				693D7DFB25B926A700596387 /* DCPinView.swift in Sources */,
				6923598125B177AB00F1880A /* DiscussionBoardTests.swift in Sources */,
				69235A6925B34C9600F1880A /* Color.swift in Sources */,
				693D7E4C25B94C5D00596387 /* UIStackView.swift in Sources */,
			);
			runOnlyForDeploymentPostprocessing = 0;
		};
		6923598325B177AB00F1880A /* Sources */ = {
			isa = PBXSourcesBuildPhase;
			buildActionMask = 2147483647;
			files = (
				6950062625B6D26A00AB7C9C /* String.swift in Sources */,
				69235A4925B33AB700F1880A /* UIImageView.swift in Sources */,
				6961FB9C25BB27430052B810 /* Font.swift in Sources */,
				693D7E2525B9276D00596387 /* DCReplyView.swift in Sources */,
				69235A0B25B201F000F1880A /* Results.swift in Sources */,
				6950061F25B6D1CC00AB7C9C /* Int.swift in Sources */,
				693D7E0A25B9271100596387 /* DCPostView.swift in Sources */,
				6943190925B809380053B477 /* UIButton.swift in Sources */,
				69235A1C25B3162E00F1880A /* JSON.swift in Sources */,
				69235A0425B201BE00F1880A /* DiscussionBoardPageResult.swift in Sources */,
				692359F425B1FE8E00F1880A /* DiscussionViewModel.swift in Sources */,
				693D7E4625B94ADA00596387 /* DiscussionListViewController.swift in Sources */,
				6950062D25B710A200AB7C9C /* CALayer.swift in Sources */,
				693D7DFC25B926A700596387 /* DCPinView.swift in Sources */,
				6923598C25B177AB00F1880A /* DiscussionBoardUITests.swift in Sources */,
				69235A6A25B34C9600F1880A /* Color.swift in Sources */,
				693D7E4D25B94C5D00596387 /* UIStackView.swift in Sources */,
			);
			runOnlyForDeploymentPostprocessing = 0;
		};
/* End PBXSourcesBuildPhase section */

/* Begin PBXTargetDependency section */
		6923597E25B177AB00F1880A /* PBXTargetDependency */ = {
			isa = PBXTargetDependency;
			target = 6923596525B177A800F1880A /* DiscussionBoard */;
			targetProxy = 6923597D25B177AB00F1880A /* PBXContainerItemProxy */;
		};
		6923598925B177AB00F1880A /* PBXTargetDependency */ = {
			isa = PBXTargetDependency;
			target = 6923596525B177A800F1880A /* DiscussionBoard */;
			targetProxy = 6923598825B177AB00F1880A /* PBXContainerItemProxy */;
		};
/* End PBXTargetDependency section */

/* Begin PBXVariantGroup section */
		6923596F25B177A800F1880A /* Main.storyboard */ = {
			isa = PBXVariantGroup;
			children = (
				6923597025B177A800F1880A /* Base */,
			);
			name = Main.storyboard;
			sourceTree = "<group>";
		};
		6923597425B177AB00F1880A /* LaunchScreen.storyboard */ = {
			isa = PBXVariantGroup;
			children = (
				6923597525B177AB00F1880A /* Base */,
			);
			name = LaunchScreen.storyboard;
			sourceTree = "<group>";
		};
/* End PBXVariantGroup section */

/* Begin XCBuildConfiguration section */
		6923598E25B177AB00F1880A /* Debug */ = {
			isa = XCBuildConfiguration;
			buildSettings = {
				ALWAYS_SEARCH_USER_PATHS = NO;
				CLANG_ANALYZER_NONNULL = YES;
				CLANG_ANALYZER_NUMBER_OBJECT_CONVERSION = YES_AGGRESSIVE;
				CLANG_CXX_LANGUAGE_STANDARD = "gnu++14";
				CLANG_CXX_LIBRARY = "libc++";
				CLANG_ENABLE_MODULES = YES;
				CLANG_ENABLE_OBJC_ARC = YES;
				CLANG_ENABLE_OBJC_WEAK = YES;
				CLANG_WARN_BLOCK_CAPTURE_AUTORELEASING = YES;
				CLANG_WARN_BOOL_CONVERSION = YES;
				CLANG_WARN_COMMA = YES;
				CLANG_WARN_CONSTANT_CONVERSION = YES;
				CLANG_WARN_DEPRECATED_OBJC_IMPLEMENTATIONS = YES;
				CLANG_WARN_DIRECT_OBJC_ISA_USAGE = YES_ERROR;
				CLANG_WARN_DOCUMENTATION_COMMENTS = YES;
				CLANG_WARN_EMPTY_BODY = YES;
				CLANG_WARN_ENUM_CONVERSION = YES;
				CLANG_WARN_INFINITE_RECURSION = YES;
				CLANG_WARN_INT_CONVERSION = YES;
				CLANG_WARN_NON_LITERAL_NULL_CONVERSION = YES;
				CLANG_WARN_OBJC_IMPLICIT_RETAIN_SELF = YES;
				CLANG_WARN_OBJC_LITERAL_CONVERSION = YES;
				CLANG_WARN_OBJC_ROOT_CLASS = YES_ERROR;
				CLANG_WARN_QUOTED_INCLUDE_IN_FRAMEWORK_HEADER = YES;
				CLANG_WARN_RANGE_LOOP_ANALYSIS = YES;
				CLANG_WARN_STRICT_PROTOTYPES = YES;
				CLANG_WARN_SUSPICIOUS_MOVE = YES;
				CLANG_WARN_UNGUARDED_AVAILABILITY = YES_AGGRESSIVE;
				CLANG_WARN_UNREACHABLE_CODE = YES;
				CLANG_WARN__DUPLICATE_METHOD_MATCH = YES;
				COPY_PHASE_STRIP = NO;
				DEBUG_INFORMATION_FORMAT = dwarf;
				ENABLE_STRICT_OBJC_MSGSEND = YES;
				ENABLE_TESTABILITY = YES;
				GCC_C_LANGUAGE_STANDARD = gnu11;
				GCC_DYNAMIC_NO_PIC = NO;
				GCC_NO_COMMON_BLOCKS = YES;
				GCC_OPTIMIZATION_LEVEL = 0;
				GCC_PREPROCESSOR_DEFINITIONS = (
					"DEBUG=1",
					"$(inherited)",
				);
				GCC_WARN_64_TO_32_BIT_CONVERSION = YES;
				GCC_WARN_ABOUT_RETURN_TYPE = YES_ERROR;
				GCC_WARN_UNDECLARED_SELECTOR = YES;
				GCC_WARN_UNINITIALIZED_AUTOS = YES_AGGRESSIVE;
				GCC_WARN_UNUSED_FUNCTION = YES;
				GCC_WARN_UNUSED_VARIABLE = YES;
				IPHONEOS_DEPLOYMENT_TARGET = 14.2;
				MTL_ENABLE_DEBUG_INFO = INCLUDE_SOURCE;
				MTL_FAST_MATH = YES;
				ONLY_ACTIVE_ARCH = YES;
				SDKROOT = iphoneos;
				SWIFT_ACTIVE_COMPILATION_CONDITIONS = DEBUG;
				SWIFT_OPTIMIZATION_LEVEL = "-Onone";
			};
			name = Debug;
		};
		6923598F25B177AB00F1880A /* Release */ = {
			isa = XCBuildConfiguration;
			buildSettings = {
				ALWAYS_SEARCH_USER_PATHS = NO;
				CLANG_ANALYZER_NONNULL = YES;
				CLANG_ANALYZER_NUMBER_OBJECT_CONVERSION = YES_AGGRESSIVE;
				CLANG_CXX_LANGUAGE_STANDARD = "gnu++14";
				CLANG_CXX_LIBRARY = "libc++";
				CLANG_ENABLE_MODULES = YES;
				CLANG_ENABLE_OBJC_ARC = YES;
				CLANG_ENABLE_OBJC_WEAK = YES;
				CLANG_WARN_BLOCK_CAPTURE_AUTORELEASING = YES;
				CLANG_WARN_BOOL_CONVERSION = YES;
				CLANG_WARN_COMMA = YES;
				CLANG_WARN_CONSTANT_CONVERSION = YES;
				CLANG_WARN_DEPRECATED_OBJC_IMPLEMENTATIONS = YES;
				CLANG_WARN_DIRECT_OBJC_ISA_USAGE = YES_ERROR;
				CLANG_WARN_DOCUMENTATION_COMMENTS = YES;
				CLANG_WARN_EMPTY_BODY = YES;
				CLANG_WARN_ENUM_CONVERSION = YES;
				CLANG_WARN_INFINITE_RECURSION = YES;
				CLANG_WARN_INT_CONVERSION = YES;
				CLANG_WARN_NON_LITERAL_NULL_CONVERSION = YES;
				CLANG_WARN_OBJC_IMPLICIT_RETAIN_SELF = YES;
				CLANG_WARN_OBJC_LITERAL_CONVERSION = YES;
				CLANG_WARN_OBJC_ROOT_CLASS = YES_ERROR;
				CLANG_WARN_QUOTED_INCLUDE_IN_FRAMEWORK_HEADER = YES;
				CLANG_WARN_RANGE_LOOP_ANALYSIS = YES;
				CLANG_WARN_STRICT_PROTOTYPES = YES;
				CLANG_WARN_SUSPICIOUS_MOVE = YES;
				CLANG_WARN_UNGUARDED_AVAILABILITY = YES_AGGRESSIVE;
				CLANG_WARN_UNREACHABLE_CODE = YES;
				CLANG_WARN__DUPLICATE_METHOD_MATCH = YES;
				COPY_PHASE_STRIP = NO;
				DEBUG_INFORMATION_FORMAT = "dwarf-with-dsym";
				ENABLE_NS_ASSERTIONS = NO;
				ENABLE_STRICT_OBJC_MSGSEND = YES;
				GCC_C_LANGUAGE_STANDARD = gnu11;
				GCC_NO_COMMON_BLOCKS = YES;
				GCC_WARN_64_TO_32_BIT_CONVERSION = YES;
				GCC_WARN_ABOUT_RETURN_TYPE = YES_ERROR;
				GCC_WARN_UNDECLARED_SELECTOR = YES;
				GCC_WARN_UNINITIALIZED_AUTOS = YES_AGGRESSIVE;
				GCC_WARN_UNUSED_FUNCTION = YES;
				GCC_WARN_UNUSED_VARIABLE = YES;
				IPHONEOS_DEPLOYMENT_TARGET = 14.2;
				MTL_ENABLE_DEBUG_INFO = NO;
				MTL_FAST_MATH = YES;
				SDKROOT = iphoneos;
				SWIFT_COMPILATION_MODE = wholemodule;
				SWIFT_OPTIMIZATION_LEVEL = "-O";
				VALIDATE_PRODUCT = YES;
			};
			name = Release;
		};
		6923599125B177AB00F1880A /* Debug */ = {
			isa = XCBuildConfiguration;
			baseConfigurationReference = 4B205FA16D6A7C9C7D0764C5 /* Pods-DiscussionBoard.debug.xcconfig */;
			buildSettings = {
				ASSETCATALOG_COMPILER_APPICON_NAME = AppIcon;
				ASSETCATALOG_COMPILER_GLOBAL_ACCENT_COLOR_NAME = AccentColor;
				CODE_SIGN_STYLE = Automatic;
				DEVELOPMENT_TEAM = KJWUN9F44D;
				INFOPLIST_FILE = DiscussionBoard/Info.plist;
				IPHONEOS_DEPLOYMENT_TARGET = 10.0;
				LD_RUNPATH_SEARCH_PATHS = (
					"$(inherited)",
					"@executable_path/Frameworks",
				);
				OTHER_LDFLAGS = (
					"$(inherited)",
					"-Objc",
					"-framework",
					"\"Alamofire\"",
					"-framework",
					"\"AlamofireObjectMapper\"",
					"-framework",
					"\"CFNetwork\"",
					"-framework",
					"\"CoreGraphics\"",
					"-framework",
					"\"Differentiator\"",
					"-framework",
					"\"Foundation\"",
					"-framework",
					"\"IQKeyboardManagerSwift\"",
					"-framework",
					"\"ImageIO\"",
					"-framework",
					"\"ObjectMapper\"",
					"-framework",
					"\"QuartzCore\"",
					"-framework",
					"\"RxCocoa\"",
					"-framework",
					"\"RxDataSources\"",
					"-framework",
					"\"RxRelay\"",
					"-framework",
					"\"RxSwift\"",
					"-framework",
					"\"SDWebImage\"",
					"-framework",
					"\"UIKit\"",
				);
				PRODUCT_BUNDLE_IDENTIFIER = con.conicle.DiscussionBoard;
				PRODUCT_NAME = "$(TARGET_NAME)";
				SWIFT_OBJC_BRIDGING_HEADER = DiscussionBoard/Header.h;
				SWIFT_VERSION = 5.0;
				TARGETED_DEVICE_FAMILY = "1,2";
			};
			name = Debug;
		};
		6923599225B177AB00F1880A /* Release */ = {
			isa = XCBuildConfiguration;
			baseConfigurationReference = 3B271BC6021FF315491597FB /* Pods-DiscussionBoard.release.xcconfig */;
			buildSettings = {
				ASSETCATALOG_COMPILER_APPICON_NAME = AppIcon;
				ASSETCATALOG_COMPILER_GLOBAL_ACCENT_COLOR_NAME = AccentColor;
				CODE_SIGN_STYLE = Automatic;
				DEVELOPMENT_TEAM = KJWUN9F44D;
				INFOPLIST_FILE = DiscussionBoard/Info.plist;
				IPHONEOS_DEPLOYMENT_TARGET = 10.0;
				LD_RUNPATH_SEARCH_PATHS = (
					"$(inherited)",
					"@executable_path/Frameworks",
				);
				OTHER_LDFLAGS = (
					"$(inherited)",
					"-Objc",
					"-framework",
					"\"Alamofire\"",
					"-framework",
					"\"AlamofireObjectMapper\"",
					"-framework",
					"\"CFNetwork\"",
					"-framework",
					"\"CoreGraphics\"",
					"-framework",
					"\"Differentiator\"",
					"-framework",
					"\"Foundation\"",
					"-framework",
					"\"IQKeyboardManagerSwift\"",
					"-framework",
					"\"ImageIO\"",
					"-framework",
					"\"ObjectMapper\"",
					"-framework",
					"\"QuartzCore\"",
					"-framework",
					"\"RxCocoa\"",
					"-framework",
					"\"RxDataSources\"",
					"-framework",
					"\"RxRelay\"",
					"-framework",
					"\"RxSwift\"",
					"-framework",
					"\"SDWebImage\"",
					"-framework",
					"\"UIKit\"",
				);
				PRODUCT_BUNDLE_IDENTIFIER = con.conicle.DiscussionBoard;
				PRODUCT_NAME = "$(TARGET_NAME)";
				SWIFT_OBJC_BRIDGING_HEADER = DiscussionBoard/Header.h;
				SWIFT_VERSION = 5.0;
				TARGETED_DEVICE_FAMILY = "1,2";
			};
			name = Release;
		};
		6923599425B177AB00F1880A /* Debug */ = {
			isa = XCBuildConfiguration;
			buildSettings = {
				ALWAYS_EMBED_SWIFT_STANDARD_LIBRARIES = YES;
				BUNDLE_LOADER = "$(TEST_HOST)";
				CODE_SIGN_STYLE = Automatic;
				DEVELOPMENT_TEAM = KJWUN9F44D;
				INFOPLIST_FILE = DiscussionBoardTests/Info.plist;
				IPHONEOS_DEPLOYMENT_TARGET = 14.2;
				LD_RUNPATH_SEARCH_PATHS = (
					"$(inherited)",
					"@executable_path/Frameworks",
					"@loader_path/Frameworks",
				);
				PRODUCT_BUNDLE_IDENTIFIER = con.conicle.DiscussionBoardTests;
				PRODUCT_NAME = "$(TARGET_NAME)";
				SWIFT_VERSION = 5.0;
				TARGETED_DEVICE_FAMILY = "1,2";
				TEST_HOST = "$(BUILT_PRODUCTS_DIR)/DiscussionBoard.app/DiscussionBoard";
			};
			name = Debug;
		};
		6923599525B177AB00F1880A /* Release */ = {
			isa = XCBuildConfiguration;
			buildSettings = {
				ALWAYS_EMBED_SWIFT_STANDARD_LIBRARIES = YES;
				BUNDLE_LOADER = "$(TEST_HOST)";
				CODE_SIGN_STYLE = Automatic;
				DEVELOPMENT_TEAM = KJWUN9F44D;
				INFOPLIST_FILE = DiscussionBoardTests/Info.plist;
				IPHONEOS_DEPLOYMENT_TARGET = 14.2;
				LD_RUNPATH_SEARCH_PATHS = (
					"$(inherited)",
					"@executable_path/Frameworks",
					"@loader_path/Frameworks",
				);
				PRODUCT_BUNDLE_IDENTIFIER = con.conicle.DiscussionBoardTests;
				PRODUCT_NAME = "$(TARGET_NAME)";
				SWIFT_VERSION = 5.0;
				TARGETED_DEVICE_FAMILY = "1,2";
				TEST_HOST = "$(BUILT_PRODUCTS_DIR)/DiscussionBoard.app/DiscussionBoard";
			};
			name = Release;
		};
		6923599725B177AB00F1880A /* Debug */ = {
			isa = XCBuildConfiguration;
			buildSettings = {
				ALWAYS_EMBED_SWIFT_STANDARD_LIBRARIES = YES;
				CODE_SIGN_STYLE = Automatic;
				DEVELOPMENT_TEAM = KJWUN9F44D;
				INFOPLIST_FILE = DiscussionBoardUITests/Info.plist;
				LD_RUNPATH_SEARCH_PATHS = (
					"$(inherited)",
					"@executable_path/Frameworks",
					"@loader_path/Frameworks",
				);
				PRODUCT_BUNDLE_IDENTIFIER = con.conicle.DiscussionBoardUITests;
				PRODUCT_NAME = "$(TARGET_NAME)";
				SWIFT_VERSION = 5.0;
				TARGETED_DEVICE_FAMILY = "1,2";
				TEST_TARGET_NAME = DiscussionBoard;
			};
			name = Debug;
		};
		6923599825B177AB00F1880A /* Release */ = {
			isa = XCBuildConfiguration;
			buildSettings = {
				ALWAYS_EMBED_SWIFT_STANDARD_LIBRARIES = YES;
				CODE_SIGN_STYLE = Automatic;
				DEVELOPMENT_TEAM = KJWUN9F44D;
				INFOPLIST_FILE = DiscussionBoardUITests/Info.plist;
				LD_RUNPATH_SEARCH_PATHS = (
					"$(inherited)",
					"@executable_path/Frameworks",
					"@loader_path/Frameworks",
				);
				PRODUCT_BUNDLE_IDENTIFIER = con.conicle.DiscussionBoardUITests;
				PRODUCT_NAME = "$(TARGET_NAME)";
				SWIFT_VERSION = 5.0;
				TARGETED_DEVICE_FAMILY = "1,2";
				TEST_TARGET_NAME = DiscussionBoard;
			};
			name = Release;
		};
/* End XCBuildConfiguration section */

/* Begin XCConfigurationList section */
		6923596125B177A800F1880A /* Build configuration list for PBXProject "DiscussionBoard" */ = {
			isa = XCConfigurationList;
			buildConfigurations = (
				6923598E25B177AB00F1880A /* Debug */,
				6923598F25B177AB00F1880A /* Release */,
			);
			defaultConfigurationIsVisible = 0;
			defaultConfigurationName = Release;
		};
		6923599025B177AB00F1880A /* Build configuration list for PBXNativeTarget "DiscussionBoard" */ = {
			isa = XCConfigurationList;
			buildConfigurations = (
				6923599125B177AB00F1880A /* Debug */,
				6923599225B177AB00F1880A /* Release */,
			);
			defaultConfigurationIsVisible = 0;
			defaultConfigurationName = Release;
		};
		6923599325B177AB00F1880A /* Build configuration list for PBXNativeTarget "DiscussionBoardTests" */ = {
			isa = XCConfigurationList;
			buildConfigurations = (
				6923599425B177AB00F1880A /* Debug */,
				6923599525B177AB00F1880A /* Release */,
			);
			defaultConfigurationIsVisible = 0;
			defaultConfigurationName = Release;
		};
		6923599625B177AB00F1880A /* Build configuration list for PBXNativeTarget "DiscussionBoardUITests" */ = {
			isa = XCConfigurationList;
			buildConfigurations = (
				6923599725B177AB00F1880A /* Debug */,
				6923599825B177AB00F1880A /* Release */,
			);
			defaultConfigurationIsVisible = 0;
			defaultConfigurationName = Release;
		};
/* End XCConfigurationList section */
	};
	rootObject = 6923595E25B177A800F1880A /* Project object */;
}
