// !$*UTF8*$!
{
	archiveVersion = 1;
	classes = {
	};
	objectVersion = 51;
	objects = {

/* Begin PBXBuildFile section */
		24427D32A4DEE52C7666CD8D /* Pods_DiscussionBoard.framework in Frameworks */ = {isa = PBXBuildFile; fileRef = 450FE02AEDC00242FB740CDE /* Pods_DiscussionBoard.framework */; };
		6923596A25B177A800F1880A /* AppDelegate.swift in Sources */ = {isa = PBXBuildFile; fileRef = 6923596925B177A800F1880A /* AppDelegate.swift */; };
		6923596C25B177A800F1880A /* SceneDelegate.swift in Sources */ = {isa = PBXBuildFile; fileRef = 6923596B25B177A800F1880A /* SceneDelegate.swift */; };
		6923596E25B177A800F1880A /* ViewController.swift in Sources */ = {isa = PBXBuildFile; fileRef = 6923596D25B177A800F1880A /* ViewController.swift */; };
		6923597125B177A800F1880A /* Main.storyboard in Resources */ = {isa = PBXBuildFile; fileRef = 6923596F25B177A800F1880A /* Main.storyboard */; };
		6923597325B177AB00F1880A /* Assets.xcassets in Resources */ = {isa = PBXBuildFile; fileRef = 6923597225B177AB00F1880A /* Assets.xcassets */; };
		6923597625B177AB00F1880A /* LaunchScreen.storyboard in Resources */ = {isa = PBXBuildFile; fileRef = 6923597425B177AB00F1880A /* LaunchScreen.storyboard */; };
		6923598125B177AB00F1880A /* DiscussionBoardTests.swift in Sources */ = {isa = PBXBuildFile; fileRef = 6923598025B177AB00F1880A /* DiscussionBoardTests.swift */; };
		6923598C25B177AB00F1880A /* DiscussionBoardUITests.swift in Sources */ = {isa = PBXBuildFile; fileRef = 6923598B25B177AB00F1880A /* DiscussionBoardUITests.swift */; };
		692359AD25B1A69400F1880A /* Extension.swift in Sources */ = {isa = PBXBuildFile; fileRef = 692359AC25B1A69400F1880A /* Extension.swift */; };
		692359B225B1A77900F1880A /* PublicSetting.swift in Sources */ = {isa = PBXBuildFile; fileRef = 692359B125B1A77900F1880A /* PublicSetting.swift */; };
		692359BE25B1C27E00F1880A /* DiscussionPostViewController.swift in Sources */ = {isa = PBXBuildFile; fileRef = 692359BD25B1C27E00F1880A /* DiscussionPostViewController.swift */; };
		692359C625B1C2F000F1880A /* Discussion.storyboard in Resources */ = {isa = PBXBuildFile; fileRef = 692359C525B1C2F000F1880A /* Discussion.storyboard */; };
		692359CB25B1DFE800F1880A /* DiscussionViewController.swift in Sources */ = {isa = PBXBuildFile; fileRef = 692359CA25B1DFE800F1880A /* DiscussionViewController.swift */; };
		692359D725B1F64700F1880A /* ReplyTableViewCell.swift in Sources */ = {isa = PBXBuildFile; fileRef = 692359D525B1F64700F1880A /* ReplyTableViewCell.swift */; };
		692359D825B1F64700F1880A /* ReplyTableViewCell.swift in Sources */ = {isa = PBXBuildFile; fileRef = 692359D525B1F64700F1880A /* ReplyTableViewCell.swift */; };
		692359D925B1F64700F1880A /* ReplyTableViewCell.swift in Sources */ = {isa = PBXBuildFile; fileRef = 692359D525B1F64700F1880A /* ReplyTableViewCell.swift */; };
		692359DA25B1F64700F1880A /* ReplyTableViewCell.xib in Resources */ = {isa = PBXBuildFile; fileRef = 692359D625B1F64700F1880A /* ReplyTableViewCell.xib */; };
		692359DB25B1F64700F1880A /* ReplyTableViewCell.xib in Resources */ = {isa = PBXBuildFile; fileRef = 692359D625B1F64700F1880A /* ReplyTableViewCell.xib */; };
		692359DC25B1F64700F1880A /* ReplyTableViewCell.xib in Resources */ = {isa = PBXBuildFile; fileRef = 692359D625B1F64700F1880A /* ReplyTableViewCell.xib */; };
		692359E125B1F74D00F1880A /* PostHeaderView.swift in Sources */ = {isa = PBXBuildFile; fileRef = 692359E025B1F74D00F1880A /* PostHeaderView.swift */; };
		692359E225B1F74D00F1880A /* PostHeaderView.swift in Sources */ = {isa = PBXBuildFile; fileRef = 692359E025B1F74D00F1880A /* PostHeaderView.swift */; };
		692359E325B1F74D00F1880A /* PostHeaderView.swift in Sources */ = {isa = PBXBuildFile; fileRef = 692359E025B1F74D00F1880A /* PostHeaderView.swift */; };
		692359F225B1FE8E00F1880A /* DiscussionViewModel.swift in Sources */ = {isa = PBXBuildFile; fileRef = 692359F125B1FE8D00F1880A /* DiscussionViewModel.swift */; };
		692359F325B1FE8E00F1880A /* DiscussionViewModel.swift in Sources */ = {isa = PBXBuildFile; fileRef = 692359F125B1FE8D00F1880A /* DiscussionViewModel.swift */; };
		692359F425B1FE8E00F1880A /* DiscussionViewModel.swift in Sources */ = {isa = PBXBuildFile; fileRef = 692359F125B1FE8D00F1880A /* DiscussionViewModel.swift */; };
		69235A0225B201BE00F1880A /* DiscussionBoardPageResult.swift in Sources */ = {isa = PBXBuildFile; fileRef = 69235A0125B201BE00F1880A /* DiscussionBoardPageResult.swift */; };
		69235A0325B201BE00F1880A /* DiscussionBoardPageResult.swift in Sources */ = {isa = PBXBuildFile; fileRef = 69235A0125B201BE00F1880A /* DiscussionBoardPageResult.swift */; };
		69235A0425B201BE00F1880A /* DiscussionBoardPageResult.swift in Sources */ = {isa = PBXBuildFile; fileRef = 69235A0125B201BE00F1880A /* DiscussionBoardPageResult.swift */; };
		69235A0925B201F000F1880A /* Results.swift in Sources */ = {isa = PBXBuildFile; fileRef = 69235A0825B201F000F1880A /* Results.swift */; };
		69235A0A25B201F000F1880A /* Results.swift in Sources */ = {isa = PBXBuildFile; fileRef = 69235A0825B201F000F1880A /* Results.swift */; };
		69235A0B25B201F000F1880A /* Results.swift in Sources */ = {isa = PBXBuildFile; fileRef = 69235A0825B201F000F1880A /* Results.swift */; };
		69235A1025B20D6C00F1880A /* PostHeaderView.xib in Resources */ = {isa = PBXBuildFile; fileRef = 69235A0F25B20D6C00F1880A /* PostHeaderView.xib */; };
		69235A1125B20D6C00F1880A /* PostHeaderView.xib in Resources */ = {isa = PBXBuildFile; fileRef = 69235A0F25B20D6C00F1880A /* PostHeaderView.xib */; };
		69235A1225B20D6C00F1880A /* PostHeaderView.xib in Resources */ = {isa = PBXBuildFile; fileRef = 69235A0F25B20D6C00F1880A /* PostHeaderView.xib */; };
		69235A1A25B3162E00F1880A /* JSON.swift in Sources */ = {isa = PBXBuildFile; fileRef = 69235A1925B3162E00F1880A /* JSON.swift */; };
		69235A1B25B3162E00F1880A /* JSON.swift in Sources */ = {isa = PBXBuildFile; fileRef = 69235A1925B3162E00F1880A /* JSON.swift */; };
		69235A1C25B3162E00F1880A /* JSON.swift in Sources */ = {isa = PBXBuildFile; fileRef = 69235A1925B3162E00F1880A /* JSON.swift */; };
		69235A2125B316B000F1880A /* post.json in Resources */ = {isa = PBXBuildFile; fileRef = 69235A2025B316B000F1880A /* post.json */; };
		69235A2225B316B000F1880A /* post.json in Resources */ = {isa = PBXBuildFile; fileRef = 69235A2025B316B000F1880A /* post.json */; };
		69235A2325B316B000F1880A /* post.json in Resources */ = {isa = PBXBuildFile; fileRef = 69235A2025B316B000F1880A /* post.json */; };
		69235A3725B338C900F1880A /* IBMPlexSansThai-Text.ttf in Resources */ = {isa = PBXBuildFile; fileRef = 69235A3425B338C800F1880A /* IBMPlexSansThai-Text.ttf */; };
		69235A3825B338C900F1880A /* IBMPlexSansThai-Text.ttf in Resources */ = {isa = PBXBuildFile; fileRef = 69235A3425B338C800F1880A /* IBMPlexSansThai-Text.ttf */; };
		69235A3925B338C900F1880A /* IBMPlexSansThai-Text.ttf in Resources */ = {isa = PBXBuildFile; fileRef = 69235A3425B338C800F1880A /* IBMPlexSansThai-Text.ttf */; };
		69235A3A25B338C900F1880A /* IBMPlexSansThai-Bold.ttf in Resources */ = {isa = PBXBuildFile; fileRef = 69235A3525B338C800F1880A /* IBMPlexSansThai-Bold.ttf */; };
		69235A3B25B338C900F1880A /* IBMPlexSansThai-Bold.ttf in Resources */ = {isa = PBXBuildFile; fileRef = 69235A3525B338C800F1880A /* IBMPlexSansThai-Bold.ttf */; };
		69235A3C25B338C900F1880A /* IBMPlexSansThai-Bold.ttf in Resources */ = {isa = PBXBuildFile; fileRef = 69235A3525B338C800F1880A /* IBMPlexSansThai-Bold.ttf */; };
		69235A3D25B338C900F1880A /* IBMPlexSansThai-Medium.ttf in Resources */ = {isa = PBXBuildFile; fileRef = 69235A3625B338C800F1880A /* IBMPlexSansThai-Medium.ttf */; };
		69235A3E25B338C900F1880A /* IBMPlexSansThai-Medium.ttf in Resources */ = {isa = PBXBuildFile; fileRef = 69235A3625B338C800F1880A /* IBMPlexSansThai-Medium.ttf */; };
		69235A3F25B338C900F1880A /* IBMPlexSansThai-Medium.ttf in Resources */ = {isa = PBXBuildFile; fileRef = 69235A3625B338C800F1880A /* IBMPlexSansThai-Medium.ttf */; };
		69235A4725B33AB700F1880A /* UIImageView.swift in Sources */ = {isa = PBXBuildFile; fileRef = 69235A4625B33AB700F1880A /* UIImageView.swift */; };
		69235A4825B33AB700F1880A /* UIImageView.swift in Sources */ = {isa = PBXBuildFile; fileRef = 69235A4625B33AB700F1880A /* UIImageView.swift */; };
		69235A4925B33AB700F1880A /* UIImageView.swift in Sources */ = {isa = PBXBuildFile; fileRef = 69235A4625B33AB700F1880A /* UIImageView.swift */; };
		69235A6825B34C9600F1880A /* Color.swift in Sources */ = {isa = PBXBuildFile; fileRef = 69235A6725B34C9600F1880A /* Color.swift */; };
		69235A6925B34C9600F1880A /* Color.swift in Sources */ = {isa = PBXBuildFile; fileRef = 69235A6725B34C9600F1880A /* Color.swift */; };
		69235A6A25B34C9600F1880A /* Color.swift in Sources */ = {isa = PBXBuildFile; fileRef = 69235A6725B34C9600F1880A /* Color.swift */; };
		693D7DFA25B926A700596387 /* DCPinView.swift in Sources */ = {isa = PBXBuildFile; fileRef = 693D7DF925B926A700596387 /* DCPinView.swift */; };
		693D7DFB25B926A700596387 /* DCPinView.swift in Sources */ = {isa = PBXBuildFile; fileRef = 693D7DF925B926A700596387 /* DCPinView.swift */; };
		693D7DFC25B926A700596387 /* DCPinView.swift in Sources */ = {isa = PBXBuildFile; fileRef = 693D7DF925B926A700596387 /* DCPinView.swift */; };
		693D7E0125B926B600596387 /* DCPinView.xib in Resources */ = {isa = PBXBuildFile; fileRef = 693D7E0025B926B600596387 /* DCPinView.xib */; };
		693D7E0225B926B600596387 /* DCPinView.xib in Resources */ = {isa = PBXBuildFile; fileRef = 693D7E0025B926B600596387 /* DCPinView.xib */; };
		693D7E0325B926B600596387 /* DCPinView.xib in Resources */ = {isa = PBXBuildFile; fileRef = 693D7E0025B926B600596387 /* DCPinView.xib */; };
		693D7E0825B9271100596387 /* DCPostView.swift in Sources */ = {isa = PBXBuildFile; fileRef = 693D7E0725B9271100596387 /* DCPostView.swift */; };
		693D7E0925B9271100596387 /* DCPostView.swift in Sources */ = {isa = PBXBuildFile; fileRef = 693D7E0725B9271100596387 /* DCPostView.swift */; };
		693D7E0A25B9271100596387 /* DCPostView.swift in Sources */ = {isa = PBXBuildFile; fileRef = 693D7E0725B9271100596387 /* DCPostView.swift */; };
		693D7E1225B9272800596387 /* DCPostView.xib in Resources */ = {isa = PBXBuildFile; fileRef = 693D7E1125B9272800596387 /* DCPostView.xib */; };
		693D7E1325B9272800596387 /* DCPostView.xib in Resources */ = {isa = PBXBuildFile; fileRef = 693D7E1125B9272800596387 /* DCPostView.xib */; };
		693D7E1425B9272800596387 /* DCPostView.xib in Resources */ = {isa = PBXBuildFile; fileRef = 693D7E1125B9272800596387 /* DCPostView.xib */; };
		693D7E2325B9276D00596387 /* DCReplyView.swift in Sources */ = {isa = PBXBuildFile; fileRef = 693D7E2225B9276D00596387 /* DCReplyView.swift */; };
		693D7E2425B9276D00596387 /* DCReplyView.swift in Sources */ = {isa = PBXBuildFile; fileRef = 693D7E2225B9276D00596387 /* DCReplyView.swift */; };
		693D7E2525B9276D00596387 /* DCReplyView.swift in Sources */ = {isa = PBXBuildFile; fileRef = 693D7E2225B9276D00596387 /* DCReplyView.swift */; };
		693D7E2A25B9279200596387 /* DCReplyView.xib in Resources */ = {isa = PBXBuildFile; fileRef = 693D7E2925B9279200596387 /* DCReplyView.xib */; };
		693D7E2B25B9279200596387 /* DCReplyView.xib in Resources */ = {isa = PBXBuildFile; fileRef = 693D7E2925B9279200596387 /* DCReplyView.xib */; };
		693D7E2C25B9279200596387 /* DCReplyView.xib in Resources */ = {isa = PBXBuildFile; fileRef = 693D7E2925B9279200596387 /* DCReplyView.xib */; };
		693D7E3125B92ED800596387 /* EditorHelper.swift in Sources */ = {isa = PBXBuildFile; fileRef = 693D7E3025B92ED800596387 /* EditorHelper.swift */; };
		693D7E3225B92ED800596387 /* EditorHelper.swift in Sources */ = {isa = PBXBuildFile; fileRef = 693D7E3025B92ED800596387 /* EditorHelper.swift */; };
		693D7E3325B92ED800596387 /* EditorHelper.swift in Sources */ = {isa = PBXBuildFile; fileRef = 693D7E3025B92ED800596387 /* EditorHelper.swift */; };
		693D7E4425B94ADA00596387 /* DiscussionListViewController.swift in Sources */ = {isa = PBXBuildFile; fileRef = 693D7E4325B94AD900596387 /* DiscussionListViewController.swift */; };
		693D7E4525B94ADA00596387 /* DiscussionListViewController.swift in Sources */ = {isa = PBXBuildFile; fileRef = 693D7E4325B94AD900596387 /* DiscussionListViewController.swift */; };
		693D7E4625B94ADA00596387 /* DiscussionListViewController.swift in Sources */ = {isa = PBXBuildFile; fileRef = 693D7E4325B94AD900596387 /* DiscussionListViewController.swift */; };
		693D7E4B25B94C5D00596387 /* UIStackView.swift in Sources */ = {isa = PBXBuildFile; fileRef = 693D7E4A25B94C5D00596387 /* UIStackView.swift */; };
		693D7E4C25B94C5D00596387 /* UIStackView.swift in Sources */ = {isa = PBXBuildFile; fileRef = 693D7E4A25B94C5D00596387 /* UIStackView.swift */; };
		693D7E4D25B94C5D00596387 /* UIStackView.swift in Sources */ = {isa = PBXBuildFile; fileRef = 693D7E4A25B94C5D00596387 /* UIStackView.swift */; };
		6943190725B809380053B477 /* UIButton.swift in Sources */ = {isa = PBXBuildFile; fileRef = 6943190625B809380053B477 /* UIButton.swift */; };
		6943190825B809380053B477 /* UIButton.swift in Sources */ = {isa = PBXBuildFile; fileRef = 6943190625B809380053B477 /* UIButton.swift */; };
		6943190925B809380053B477 /* UIButton.swift in Sources */ = {isa = PBXBuildFile; fileRef = 6943190625B809380053B477 /* UIButton.swift */; };
		6943190E25B81B1C0053B477 /* DCPinListViewController.swift in Sources */ = {isa = PBXBuildFile; fileRef = 6943190D25B81B1C0053B477 /* DCPinListViewController.swift */; };
		6943190F25B81B1C0053B477 /* DCPinListViewController.swift in Sources */ = {isa = PBXBuildFile; fileRef = 6943190D25B81B1C0053B477 /* DCPinListViewController.swift */; };
		6943191025B81B1C0053B477 /* DCPinListViewController.swift in Sources */ = {isa = PBXBuildFile; fileRef = 6943190D25B81B1C0053B477 /* DCPinListViewController.swift */; };
		6950061D25B6D1CC00AB7C9C /* Int.swift in Sources */ = {isa = PBXBuildFile; fileRef = 6950061C25B6D1CB00AB7C9C /* Int.swift */; };
		6950061E25B6D1CC00AB7C9C /* Int.swift in Sources */ = {isa = PBXBuildFile; fileRef = 6950061C25B6D1CB00AB7C9C /* Int.swift */; };
		6950061F25B6D1CC00AB7C9C /* Int.swift in Sources */ = {isa = PBXBuildFile; fileRef = 6950061C25B6D1CB00AB7C9C /* Int.swift */; };
		6950062425B6D26A00AB7C9C /* String.swift in Sources */ = {isa = PBXBuildFile; fileRef = 6950062325B6D26A00AB7C9C /* String.swift */; };
		6950062525B6D26A00AB7C9C /* String.swift in Sources */ = {isa = PBXBuildFile; fileRef = 6950062325B6D26A00AB7C9C /* String.swift */; };
		6950062625B6D26A00AB7C9C /* String.swift in Sources */ = {isa = PBXBuildFile; fileRef = 6950062325B6D26A00AB7C9C /* String.swift */; };
		6950062B25B710A200AB7C9C /* CALayer.swift in Sources */ = {isa = PBXBuildFile; fileRef = 6950062A25B710A100AB7C9C /* CALayer.swift */; };
		6950062C25B710A200AB7C9C /* CALayer.swift in Sources */ = {isa = PBXBuildFile; fileRef = 6950062A25B710A100AB7C9C /* CALayer.swift */; };
		6950062D25B710A200AB7C9C /* CALayer.swift in Sources */ = {isa = PBXBuildFile; fileRef = 6950062A25B710A100AB7C9C /* CALayer.swift */; };
		6950064625B73BD300AB7C9C /* Assets.xcassets in Resources */ = {isa = PBXBuildFile; fileRef = 6950064525B73BD300AB7C9C /* Assets.xcassets */; };
		6950064725B73BD300AB7C9C /* Assets.xcassets in Resources */ = {isa = PBXBuildFile; fileRef = 6950064525B73BD300AB7C9C /* Assets.xcassets */; };
		6950064825B73BD300AB7C9C /* Assets.xcassets in Resources */ = {isa = PBXBuildFile; fileRef = 6950064525B73BD300AB7C9C /* Assets.xcassets */; };
		6958ABF525BBF9DF007159D2 /* DCAddReplyView.xib in Resources */ = {isa = PBXBuildFile; fileRef = 6958ABF325BBF9DF007159D2 /* DCAddReplyView.xib */; };
		6958ABF625BBF9DF007159D2 /* DCAddReplyView.swift in Sources */ = {isa = PBXBuildFile; fileRef = 6958ABF425BBF9DF007159D2 /* DCAddReplyView.swift */; };
		6958ABFE25BC91D8007159D2 /* DCReactionView.swift in Sources */ = {isa = PBXBuildFile; fileRef = 6958ABFD25BC91D8007159D2 /* DCReactionView.swift */; };
		6958AC0E25BCA55F007159D2 /* ProfileResult.swift in Sources */ = {isa = PBXBuildFile; fileRef = 6958AC0D25BCA55F007159D2 /* ProfileResult.swift */; };
		6961FB9A25BB27430052B810 /* Font.swift in Sources */ = {isa = PBXBuildFile; fileRef = 6961FB9925BB27420052B810 /* Font.swift */; };
		6961FB9B25BB27430052B810 /* Font.swift in Sources */ = {isa = PBXBuildFile; fileRef = 6961FB9925BB27420052B810 /* Font.swift */; };
		6961FB9C25BB27430052B810 /* Font.swift in Sources */ = {isa = PBXBuildFile; fileRef = 6961FB9925BB27420052B810 /* Font.swift */; };
		696F11BE25B5F5590006E76E /* PostPinHeaderView.swift in Sources */ = {isa = PBXBuildFile; fileRef = 696F11BD25B5F5590006E76E /* PostPinHeaderView.swift */; };
		696F11BF25B5F5590006E76E /* PostPinHeaderView.swift in Sources */ = {isa = PBXBuildFile; fileRef = 696F11BD25B5F5590006E76E /* PostPinHeaderView.swift */; };
		696F11C025B5F5590006E76E /* PostPinHeaderView.swift in Sources */ = {isa = PBXBuildFile; fileRef = 696F11BD25B5F5590006E76E /* PostPinHeaderView.swift */; };
		696F11C525B5F5650006E76E /* PostPinHeaderView.xib in Resources */ = {isa = PBXBuildFile; fileRef = 696F11C425B5F5650006E76E /* PostPinHeaderView.xib */; };
		696F11C625B5F5650006E76E /* PostPinHeaderView.xib in Resources */ = {isa = PBXBuildFile; fileRef = 696F11C425B5F5650006E76E /* PostPinHeaderView.xib */; };
		696F11C725B5F5650006E76E /* PostPinHeaderView.xib in Resources */ = {isa = PBXBuildFile; fileRef = 696F11C425B5F5650006E76E /* PostPinHeaderView.xib */; };
		69D6818925B466830017F986 /* reply_list.json in Resources */ = {isa = PBXBuildFile; fileRef = 69D6818825B466830017F986 /* reply_list.json */; };
		69D6818A25B466830017F986 /* reply_list.json in Resources */ = {isa = PBXBuildFile; fileRef = 69D6818825B466830017F986 /* reply_list.json */; };
		69D6818B25B466830017F986 /* reply_list.json in Resources */ = {isa = PBXBuildFile; fileRef = 69D6818825B466830017F986 /* reply_list.json */; };
		69D6819325B499560017F986 /* PostFooterView.swift in Sources */ = {isa = PBXBuildFile; fileRef = 69D6819225B499560017F986 /* PostFooterView.swift */; };
		69D6819425B499560017F986 /* PostFooterView.swift in Sources */ = {isa = PBXBuildFile; fileRef = 69D6819225B499560017F986 /* PostFooterView.swift */; };
		69D6819525B499560017F986 /* PostFooterView.swift in Sources */ = {isa = PBXBuildFile; fileRef = 69D6819225B499560017F986 /* PostFooterView.swift */; };
		69D6819A25B499660017F986 /* PostFooterView.xib in Resources */ = {isa = PBXBuildFile; fileRef = 69D6819925B499660017F986 /* PostFooterView.xib */; };
		69D6819B25B499660017F986 /* PostFooterView.xib in Resources */ = {isa = PBXBuildFile; fileRef = 69D6819925B499660017F986 /* PostFooterView.xib */; };
		69D6819C25B499660017F986 /* PostFooterView.xib in Resources */ = {isa = PBXBuildFile; fileRef = 69D6819925B499660017F986 /* PostFooterView.xib */; };
/* End PBXBuildFile section */

/* Begin PBXContainerItemProxy section */
		6923597D25B177AB00F1880A /* PBXContainerItemProxy */ = {
			isa = PBXContainerItemProxy;
			containerPortal = 6923595E25B177A800F1880A /* Project object */;
			proxyType = 1;
			remoteGlobalIDString = 6923596525B177A800F1880A;
			remoteInfo = DiscussionBoard;
		};
		6923598825B177AB00F1880A /* PBXContainerItemProxy */ = {
			isa = PBXContainerItemProxy;
			containerPortal = 6923595E25B177A800F1880A /* Project object */;
			proxyType = 1;
			remoteGlobalIDString = 6923596525B177A800F1880A;
			remoteInfo = DiscussionBoard;
		};
/* End PBXContainerItemProxy section */

/* Begin PBXFileReference section */
		3B271BC6021FF315491597FB /* Pods-DiscussionBoard.release.xcconfig */ = {isa = PBXFileReference; includeInIndex = 1; lastKnownFileType = text.xcconfig; name = "Pods-DiscussionBoard.release.xcconfig"; path = "Target Support Files/Pods-DiscussionBoard/Pods-DiscussionBoard.release.xcconfig"; sourceTree = "<group>"; };
		450FE02AEDC00242FB740CDE /* Pods_DiscussionBoard.framework */ = {isa = PBXFileReference; explicitFileType = wrapper.framework; includeInIndex = 0; path = Pods_DiscussionBoard.framework; sourceTree = BUILT_PRODUCTS_DIR; };
		4B205FA16D6A7C9C7D0764C5 /* Pods-DiscussionBoard.debug.xcconfig */ = {isa = PBXFileReference; includeInIndex = 1; lastKnownFileType = text.xcconfig; name = "Pods-DiscussionBoard.debug.xcconfig"; path = "Target Support Files/Pods-DiscussionBoard/Pods-DiscussionBoard.debug.xcconfig"; sourceTree = "<group>"; };
		6923596625B177A800F1880A /* DiscussionBoard.app */ = {isa = PBXFileReference; explicitFileType = wrapper.application; includeInIndex = 0; path = DiscussionBoard.app; sourceTree = BUILT_PRODUCTS_DIR; };
		6923596925B177A800F1880A /* AppDelegate.swift */ = {isa = PBXFileReference; lastKnownFileType = sourcecode.swift; path = AppDelegate.swift; sourceTree = "<group>"; };
		6923596B25B177A800F1880A /* SceneDelegate.swift */ = {isa = PBXFileReference; lastKnownFileType = sourcecode.swift; path = SceneDelegate.swift; sourceTree = "<group>"; };
		6923596D25B177A800F1880A /* ViewController.swift */ = {isa = PBXFileReference; lastKnownFileType = sourcecode.swift; path = ViewController.swift; sourceTree = "<group>"; };
		6923597025B177A800F1880A /* Base */ = {isa = PBXFileReference; lastKnownFileType = file.storyboard; name = Base; path = Base.lproj/Main.storyboard; sourceTree = "<group>"; };
		6923597225B177AB00F1880A /* Assets.xcassets */ = {isa = PBXFileReference; lastKnownFileType = folder.assetcatalog; path = Assets.xcassets; sourceTree = "<group>"; };
		6923597525B177AB00F1880A /* Base */ = {isa = PBXFileReference; lastKnownFileType = file.storyboard; name = Base; path = Base.lproj/LaunchScreen.storyboard; sourceTree = "<group>"; };
		6923597725B177AB00F1880A /* Info.plist */ = {isa = PBXFileReference; lastKnownFileType = text.plist.xml; path = Info.plist; sourceTree = "<group>"; };
		6923597C25B177AB00F1880A /* DiscussionBoardTests.xctest */ = {isa = PBXFileReference; explicitFileType = wrapper.cfbundle; includeInIndex = 0; path = DiscussionBoardTests.xctest; sourceTree = BUILT_PRODUCTS_DIR; };
		6923598025B177AB00F1880A /* DiscussionBoardTests.swift */ = {isa = PBXFileReference; lastKnownFileType = sourcecode.swift; path = DiscussionBoardTests.swift; sourceTree = "<group>"; };
		6923598225B177AB00F1880A /* Info.plist */ = {isa = PBXFileReference; lastKnownFileType = text.plist.xml; path = Info.plist; sourceTree = "<group>"; };
		6923598725B177AB00F1880A /* DiscussionBoardUITests.xctest */ = {isa = PBXFileReference; explicitFileType = wrapper.cfbundle; includeInIndex = 0; path = DiscussionBoardUITests.xctest; sourceTree = BUILT_PRODUCTS_DIR; };
		6923598B25B177AB00F1880A /* DiscussionBoardUITests.swift */ = {isa = PBXFileReference; lastKnownFileType = sourcecode.swift; path = DiscussionBoardUITests.swift; sourceTree = "<group>"; };
		6923598D25B177AB00F1880A /* Info.plist */ = {isa = PBXFileReference; lastKnownFileType = text.plist.xml; path = Info.plist; sourceTree = "<group>"; };
		692359AC25B1A69400F1880A /* Extension.swift */ = {isa = PBXFileReference; lastKnownFileType = sourcecode.swift; path = Extension.swift; sourceTree = "<group>"; };
		692359B125B1A77900F1880A /* PublicSetting.swift */ = {isa = PBXFileReference; lastKnownFileType = sourcecode.swift; path = PublicSetting.swift; sourceTree = "<group>"; };
		692359BD25B1C27E00F1880A /* DiscussionPostViewController.swift */ = {isa = PBXFileReference; lastKnownFileType = sourcecode.swift; path = DiscussionPostViewController.swift; sourceTree = "<group>"; };
		692359C525B1C2F000F1880A /* Discussion.storyboard */ = {isa = PBXFileReference; lastKnownFileType = file.storyboard; path = Discussion.storyboard; sourceTree = "<group>"; };
		692359CA25B1DFE800F1880A /* DiscussionViewController.swift */ = {isa = PBXFileReference; lastKnownFileType = sourcecode.swift; path = DiscussionViewController.swift; sourceTree = "<group>"; };
		692359D525B1F64700F1880A /* ReplyTableViewCell.swift */ = {isa = PBXFileReference; lastKnownFileType = sourcecode.swift; path = ReplyTableViewCell.swift; sourceTree = "<group>"; };
		692359D625B1F64700F1880A /* ReplyTableViewCell.xib */ = {isa = PBXFileReference; lastKnownFileType = file.xib; path = ReplyTableViewCell.xib; sourceTree = "<group>"; };
		692359E025B1F74D00F1880A /* PostHeaderView.swift */ = {isa = PBXFileReference; lastKnownFileType = sourcecode.swift; path = PostHeaderView.swift; sourceTree = "<group>"; };
		692359F125B1FE8D00F1880A /* DiscussionViewModel.swift */ = {isa = PBXFileReference; lastKnownFileType = sourcecode.swift; path = DiscussionViewModel.swift; sourceTree = "<group>"; };
		69235A0125B201BE00F1880A /* DiscussionBoardPageResult.swift */ = {isa = PBXFileReference; lastKnownFileType = sourcecode.swift; path = DiscussionBoardPageResult.swift; sourceTree = "<group>"; };
		69235A0825B201F000F1880A /* Results.swift */ = {isa = PBXFileReference; lastKnownFileType = sourcecode.swift; path = Results.swift; sourceTree = "<group>"; };
		69235A0F25B20D6C00F1880A /* PostHeaderView.xib */ = {isa = PBXFileReference; lastKnownFileType = file.xib; path = PostHeaderView.xib; sourceTree = "<group>"; };
		69235A1925B3162E00F1880A /* JSON.swift */ = {isa = PBXFileReference; lastKnownFileType = sourcecode.swift; path = JSON.swift; sourceTree = "<group>"; };
		69235A2025B316B000F1880A /* post.json */ = {isa = PBXFileReference; lastKnownFileType = text.json; path = post.json; sourceTree = "<group>"; };
		69235A3425B338C800F1880A /* IBMPlexSansThai-Text.ttf */ = {isa = PBXFileReference; lastKnownFileType = file; path = "IBMPlexSansThai-Text.ttf"; sourceTree = "<group>"; };
		69235A3525B338C800F1880A /* IBMPlexSansThai-Bold.ttf */ = {isa = PBXFileReference; lastKnownFileType = file; path = "IBMPlexSansThai-Bold.ttf"; sourceTree = "<group>"; };
		69235A3625B338C800F1880A /* IBMPlexSansThai-Medium.ttf */ = {isa = PBXFileReference; lastKnownFileType = file; path = "IBMPlexSansThai-Medium.ttf"; sourceTree = "<group>"; };
		69235A4625B33AB700F1880A /* UIImageView.swift */ = {isa = PBXFileReference; lastKnownFileType = sourcecode.swift; path = UIImageView.swift; sourceTree = "<group>"; };
		69235A6725B34C9600F1880A /* Color.swift */ = {isa = PBXFileReference; lastKnownFileType = sourcecode.swift; path = Color.swift; sourceTree = "<group>"; };
		693D7DF925B926A700596387 /* DCPinView.swift */ = {isa = PBXFileReference; lastKnownFileType = sourcecode.swift; path = DCPinView.swift; sourceTree = "<group>"; };
		693D7E0025B926B600596387 /* DCPinView.xib */ = {isa = PBXFileReference; lastKnownFileType = file.xib; path = DCPinView.xib; sourceTree = "<group>"; };
		693D7E0725B9271100596387 /* DCPostView.swift */ = {isa = PBXFileReference; lastKnownFileType = sourcecode.swift; path = DCPostView.swift; sourceTree = "<group>"; };
		693D7E1125B9272800596387 /* DCPostView.xib */ = {isa = PBXFileReference; lastKnownFileType = file.xib; path = DCPostView.xib; sourceTree = "<group>"; };
		693D7E2225B9276D00596387 /* DCReplyView.swift */ = {isa = PBXFileReference; lastKnownFileType = sourcecode.swift; path = DCReplyView.swift; sourceTree = "<group>"; };
		693D7E2925B9279200596387 /* DCReplyView.xib */ = {isa = PBXFileReference; lastKnownFileType = file.xib; path = DCReplyView.xib; sourceTree = "<group>"; };
		693D7E3025B92ED800596387 /* EditorHelper.swift */ = {isa = PBXFileReference; lastKnownFileType = sourcecode.swift; path = EditorHelper.swift; sourceTree = "<group>"; };
		693D7E4325B94AD900596387 /* DiscussionListViewController.swift */ = {isa = PBXFileReference; lastKnownFileType = sourcecode.swift; path = DiscussionListViewController.swift; sourceTree = "<group>"; };
		693D7E4A25B94C5D00596387 /* UIStackView.swift */ = {isa = PBXFileReference; lastKnownFileType = sourcecode.swift; path = UIStackView.swift; sourceTree = "<group>"; };
		6943190625B809380053B477 /* UIButton.swift */ = {isa = PBXFileReference; lastKnownFileType = sourcecode.swift; path = UIButton.swift; sourceTree = "<group>"; };
		6943190D25B81B1C0053B477 /* DCPinListViewController.swift */ = {isa = PBXFileReference; lastKnownFileType = sourcecode.swift; path = DCPinListViewController.swift; sourceTree = "<group>"; };
		6950061C25B6D1CB00AB7C9C /* Int.swift */ = {isa = PBXFileReference; lastKnownFileType = sourcecode.swift; path = Int.swift; sourceTree = "<group>"; };
		6950062325B6D26A00AB7C9C /* String.swift */ = {isa = PBXFileReference; lastKnownFileType = sourcecode.swift; path = String.swift; sourceTree = "<group>"; };
		6950062A25B710A100AB7C9C /* CALayer.swift */ = {isa = PBXFileReference; lastKnownFileType = sourcecode.swift; path = CALayer.swift; sourceTree = "<group>"; };
		6950064525B73BD300AB7C9C /* Assets.xcassets */ = {isa = PBXFileReference; lastKnownFileType = folder.assetcatalog; path = Assets.xcassets; sourceTree = "<group>"; };
		6958ABF325BBF9DF007159D2 /* DCAddReplyView.xib */ = {isa = PBXFileReference; fileEncoding = 4; lastKnownFileType = file.xib; path = DCAddReplyView.xib; sourceTree = "<group>"; };
		6958ABF425BBF9DF007159D2 /* DCAddReplyView.swift */ = {isa = PBXFileReference; fileEncoding = 4; lastKnownFileType = sourcecode.swift; path = DCAddReplyView.swift; sourceTree = "<group>"; };
		6958ABFD25BC91D8007159D2 /* DCReactionView.swift */ = {isa = PBXFileReference; lastKnownFileType = sourcecode.swift; path = DCReactionView.swift; sourceTree = "<group>"; };
		6958AC0D25BCA55F007159D2 /* ProfileResult.swift */ = {isa = PBXFileReference; lastKnownFileType = sourcecode.swift; path = ProfileResult.swift; sourceTree = "<group>"; };
		6961FB9925BB27420052B810 /* Font.swift */ = {isa = PBXFileReference; lastKnownFileType = sourcecode.swift; path = Font.swift; sourceTree = "<group>"; };
		696F11BD25B5F5590006E76E /* PostPinHeaderView.swift */ = {isa = PBXFileReference; lastKnownFileType = sourcecode.swift; path = PostPinHeaderView.swift; sourceTree = "<group>"; };
		696F11C425B5F5650006E76E /* PostPinHeaderView.xib */ = {isa = PBXFileReference; lastKnownFileType = file.xib; path = PostPinHeaderView.xib; sourceTree = "<group>"; };
		69D6818825B466830017F986 /* reply_list.json */ = {isa = PBXFileReference; fileEncoding = 4; lastKnownFileType = text.json; path = reply_list.json; sourceTree = "<group>"; };
		69D6819225B499560017F986 /* PostFooterView.swift */ = {isa = PBXFileReference; lastKnownFileType = sourcecode.swift; path = PostFooterView.swift; sourceTree = "<group>"; };
		69D6819925B499660017F986 /* PostFooterView.xib */ = {isa = PBXFileReference; lastKnownFileType = file.xib; path = PostFooterView.xib; sourceTree = "<group>"; };
/* End PBXFileReference section */

/* Begin PBXFrameworksBuildPhase section */
		6923596325B177A800F1880A /* Frameworks */ = {
			isa = PBXFrameworksBuildPhase;
			buildActionMask = 2147483647;
			files = (
				24427D32A4DEE52C7666CD8D /* Pods_DiscussionBoard.framework in Frameworks */,
			);
			runOnlyForDeploymentPostprocessing = 0;
		};
		6923597925B177AB00F1880A /* Frameworks */ = {
			isa = PBXFrameworksBuildPhase;
			buildActionMask = 2147483647;
			files = (
			);
			runOnlyForDeploymentPostprocessing = 0;
		};
		6923598425B177AB00F1880A /* Frameworks */ = {
			isa = PBXFrameworksBuildPhase;
			buildActionMask = 2147483647;
			files = (
			);
			runOnlyForDeploymentPostprocessing = 0;
		};
/* End PBXFrameworksBuildPhase section */

/* Begin PBXGroup section */
		6923595D25B177A800F1880A = {
			isa = PBXGroup;
			children = (
				6923596825B177A800F1880A /* DiscussionBoard */,
				6923597F25B177AB00F1880A /* DiscussionBoardTests */,
				6923598A25B177AB00F1880A /* DiscussionBoardUITests */,
				6923596725B177A800F1880A /* Products */,
				B05748F39C974A38EC9BB9E8 /* Pods */,
				CED124E1720842E7680282C3 /* Frameworks */,
			);
			sourceTree = "<group>";
		};
		6923596725B177A800F1880A /* Products */ = {
			isa = PBXGroup;
			children = (
				6923596625B177A800F1880A /* DiscussionBoard.app */,
				6923597C25B177AB00F1880A /* DiscussionBoardTests.xctest */,
				6923598725B177AB00F1880A /* DiscussionBoardUITests.xctest */,
			);
			name = Products;
			sourceTree = "<group>";
		};
		6923596825B177A800F1880A /* DiscussionBoard */ = {
			isa = PBXGroup;
			children = (
				6923596925B177A800F1880A /* AppDelegate.swift */,
				69235A3325B338B500F1880A /* Fonts */,
				6923596B25B177A800F1880A /* SceneDelegate.swift */,
				692359B125B1A77900F1880A /* PublicSetting.swift */,
				69235A0825B201F000F1880A /* Results.swift */,
				69235A1925B3162E00F1880A /* JSON.swift */,
				69D6818825B466830017F986 /* reply_list.json */,
				69235A2025B316B000F1880A /* post.json */,
				69235A6E25B34D0200F1880A /* Extensions */,
				6923596D25B177A800F1880A /* ViewController.swift */,
				6950063125B73B2600AB7C9C /* DiscussionBoard */,
				6923596F25B177A800F1880A /* Main.storyboard */,
				6923597425B177AB00F1880A /* LaunchScreen.storyboard */,
				6950064525B73BD300AB7C9C /* Assets.xcassets */,
				6923597725B177AB00F1880A /* Info.plist */,
			);
			path = DiscussionBoard;
			sourceTree = "<group>";
		};
		6923597F25B177AB00F1880A /* DiscussionBoardTests */ = {
			isa = PBXGroup;
			children = (
				6923598025B177AB00F1880A /* DiscussionBoardTests.swift */,
				6923598225B177AB00F1880A /* Info.plist */,
			);
			path = DiscussionBoardTests;
			sourceTree = "<group>";
		};
		6923598A25B177AB00F1880A /* DiscussionBoardUITests */ = {
			isa = PBXGroup;
			children = (
				6923598B25B177AB00F1880A /* DiscussionBoardUITests.swift */,
				6923598D25B177AB00F1880A /* Info.plist */,
			);
			path = DiscussionBoardUITests;
			sourceTree = "<group>";
		};
		69235A3325B338B500F1880A /* Fonts */ = {
			isa = PBXGroup;
			children = (
				69235A3525B338C800F1880A /* IBMPlexSansThai-Bold.ttf */,
				69235A3625B338C800F1880A /* IBMPlexSansThai-Medium.ttf */,
				69235A3425B338C800F1880A /* IBMPlexSansThai-Text.ttf */,
			);
			path = Fonts;
			sourceTree = "<group>";
		};
		69235A6E25B34D0200F1880A /* Extensions */ = {
			isa = PBXGroup;
			children = (
				692359AC25B1A69400F1880A /* Extension.swift */,
				6961FB9925BB27420052B810 /* Font.swift */,
				693D7E4A25B94C5D00596387 /* UIStackView.swift */,
				6943190625B809380053B477 /* UIButton.swift */,
				6950062A25B710A100AB7C9C /* CALayer.swift */,
				6950061C25B6D1CB00AB7C9C /* Int.swift */,
				6950062325B6D26A00AB7C9C /* String.swift */,
				69235A6725B34C9600F1880A /* Color.swift */,
				69235A4625B33AB700F1880A /* UIImageView.swift */,
			);
			path = Extensions;
			sourceTree = "<group>";
		};
		693D7E1B25B9273E00596387 /* views */ = {
			isa = PBXGroup;
			children = (
				693D7E3025B92ED800596387 /* EditorHelper.swift */,
				6958ABFD25BC91D8007159D2 /* DCReactionView.swift */,
				693D7E0725B9271100596387 /* DCPostView.swift */,
				693D7E1125B9272800596387 /* DCPostView.xib */,
				693D7DF925B926A700596387 /* DCPinView.swift */,
				693D7E0025B926B600596387 /* DCPinView.xib */,
				693D7E2225B9276D00596387 /* DCReplyView.swift */,
				693D7E2925B9279200596387 /* DCReplyView.xib */,
				6958ABF425BBF9DF007159D2 /* DCAddReplyView.swift */,
				6958ABF325BBF9DF007159D2 /* DCAddReplyView.xib */,
			);
			path = views;
			sourceTree = "<group>";
		};
		6950063125B73B2600AB7C9C /* DiscussionBoard */ = {
			isa = PBXGroup;
			children = (
				6958AC0D25BCA55F007159D2 /* ProfileResult.swift */,
				693D7E4325B94AD900596387 /* DiscussionListViewController.swift */,
				692359CA25B1DFE800F1880A /* DiscussionViewController.swift */,
				6943190D25B81B1C0053B477 /* DCPinListViewController.swift */,
				692359F125B1FE8D00F1880A /* DiscussionViewModel.swift */,
				69235A0125B201BE00F1880A /* DiscussionBoardPageResult.swift */,
				692359BD25B1C27E00F1880A /* DiscussionPostViewController.swift */,
				69D6819225B499560017F986 /* PostFooterView.swift */,
				69D6819925B499660017F986 /* PostFooterView.xib */,
				692359E025B1F74D00F1880A /* PostHeaderView.swift */,
				69235A0F25B20D6C00F1880A /* PostHeaderView.xib */,
				696F11BD25B5F5590006E76E /* PostPinHeaderView.swift */,
				696F11C425B5F5650006E76E /* PostPinHeaderView.xib */,
				692359D525B1F64700F1880A /* ReplyTableViewCell.swift */,
				692359D625B1F64700F1880A /* ReplyTableViewCell.xib */,
				693D7E1B25B9273E00596387 /* views */,
				692359C525B1C2F000F1880A /* Discussion.storyboard */,
				6923597225B177AB00F1880A /* Assets.xcassets */,
			);
			path = DiscussionBoard;
			sourceTree = "<group>";
		};
		B05748F39C974A38EC9BB9E8 /* Pods */ = {
			isa = PBXGroup;
			children = (
				4B205FA16D6A7C9C7D0764C5 /* Pods-DiscussionBoard.debug.xcconfig */,
				3B271BC6021FF315491597FB /* Pods-DiscussionBoard.release.xcconfig */,
			);
			path = Pods;
			sourceTree = "<group>";
		};
		CED124E1720842E7680282C3 /* Frameworks */ = {
			isa = PBXGroup;
			children = (
				450FE02AEDC00242FB740CDE /* Pods_DiscussionBoard.framework */,
			);
			name = Frameworks;
			sourceTree = "<group>";
		};
/* End PBXGroup section */

/* Begin PBXNativeTarget section */
		6923596525B177A800F1880A /* DiscussionBoard */ = {
			isa = PBXNativeTarget;
			buildConfigurationList = 6923599025B177AB00F1880A /* Build configuration list for PBXNativeTarget "DiscussionBoard" */;
			buildPhases = (
				64BF4897EC0633397531C525 /* [CP] Check Pods Manifest.lock */,
				6923596225B177A800F1880A /* Sources */,
				6923596325B177A800F1880A /* Frameworks */,
				6923596425B177A800F1880A /* Resources */,
				0805D3824289215139EBA53A /* [CP] Embed Pods Frameworks */,
			);
			buildRules = (
			);
			dependencies = (
			);
			name = DiscussionBoard;
			productName = DiscussionBoard;
			productReference = 6923596625B177A800F1880A /* DiscussionBoard.app */;
			productType = "com.apple.product-type.application";
		};
		6923597B25B177AB00F1880A /* DiscussionBoardTests */ = {
			isa = PBXNativeTarget;
			buildConfigurationList = 6923599325B177AB00F1880A /* Build configuration list for PBXNativeTarget "DiscussionBoardTests" */;
			buildPhases = (
				6923597825B177AB00F1880A /* Sources */,
				6923597925B177AB00F1880A /* Frameworks */,
				6923597A25B177AB00F1880A /* Resources */,
			);
			buildRules = (
			);
			dependencies = (
				6923597E25B177AB00F1880A /* PBXTargetDependency */,
			);
			name = DiscussionBoardTests;
			productName = DiscussionBoardTests;
			productReference = 6923597C25B177AB00F1880A /* DiscussionBoardTests.xctest */;
			productType = "com.apple.product-type.bundle.unit-test";
		};
		6923598625B177AB00F1880A /* DiscussionBoardUITests */ = {
			isa = PBXNativeTarget;
			buildConfigurationList = 6923599625B177AB00F1880A /* Build configuration list for PBXNativeTarget "DiscussionBoardUITests" */;
			buildPhases = (
				6923598325B177AB00F1880A /* Sources */,
				6923598425B177AB00F1880A /* Frameworks */,
				6923598525B177AB00F1880A /* Resources */,
			);
			buildRules = (
			);
			dependencies = (
				6923598925B177AB00F1880A /* PBXTargetDependency */,
			);
			name = DiscussionBoardUITests;
			productName = DiscussionBoardUITests;
			productReference = 6923598725B177AB00F1880A /* DiscussionBoardUITests.xctest */;
			productType = "com.apple.product-type.bundle.ui-testing";
		};
/* End PBXNativeTarget section */

/* Begin PBXProject section */
		6923595E25B177A800F1880A /* Project object */ = {
			isa = PBXProject;
			attributes = {
				LastSwiftUpdateCheck = 1220;
				LastUpgradeCheck = 1220;
				TargetAttributes = {
					6923596525B177A800F1880A = {
						CreatedOnToolsVersion = 12.2;
					};
					6923597B25B177AB00F1880A = {
						CreatedOnToolsVersion = 12.2;
						TestTargetID = 6923596525B177A800F1880A;
					};
					6923598625B177AB00F1880A = {
						CreatedOnToolsVersion = 12.2;
						TestTargetID = 6923596525B177A800F1880A;
					};
				};
			};
			buildConfigurationList = 6923596125B177A800F1880A /* Build configuration list for PBXProject "DiscussionBoard" */;
			compatibilityVersion = "Xcode 9.3";
			developmentRegion = en;
			hasScannedForEncodings = 0;
			knownRegions = (
				en,
				Base,
			);
			mainGroup = 6923595D25B177A800F1880A;
			productRefGroup = 6923596725B177A800F1880A /* Products */;
			projectDirPath = "";
			projectRoot = "";
			targets = (
				6923596525B177A800F1880A /* DiscussionBoard */,
				6923597B25B177AB00F1880A /* DiscussionBoardTests */,
				6923598625B177AB00F1880A /* DiscussionBoardUITests */,
			);
		};
/* End PBXProject section */

/* Begin PBXResourcesBuildPhase section */
		6923596425B177A800F1880A /* Resources */ = {
			isa = PBXResourcesBuildPhase;
			buildActionMask = 2147483647;
			files = (
				693D7E2A25B9279200596387 /* DCReplyView.xib in Resources */,
				692359DA25B1F64700F1880A /* ReplyTableViewCell.xib in Resources */,
				692359C625B1C2F000F1880A /* Discussion.storyboard in Resources */,
				69235A3725B338C900F1880A /* IBMPlexSansThai-Text.ttf in Resources */,
				69D6819A25B499660017F986 /* PostFooterView.xib in Resources */,
				6950064625B73BD300AB7C9C /* Assets.xcassets in Resources */,
				6958ABF525BBF9DF007159D2 /* DCAddReplyView.xib in Resources */,
				6923597625B177AB00F1880A /* LaunchScreen.storyboard in Resources */,
				69235A3A25B338C900F1880A /* IBMPlexSansThai-Bold.ttf in Resources */,
				693D7E1225B9272800596387 /* DCPostView.xib in Resources */,
				69235A2125B316B000F1880A /* post.json in Resources */,
				69235A3D25B338C900F1880A /* IBMPlexSansThai-Medium.ttf in Resources */,
				69D6818925B466830017F986 /* reply_list.json in Resources */,
				693D7E0125B926B600596387 /* DCPinView.xib in Resources */,
				696F11C525B5F5650006E76E /* PostPinHeaderView.xib in Resources */,
				6923597325B177AB00F1880A /* Assets.xcassets in Resources */,
				6923597125B177A800F1880A /* Main.storyboard in Resources */,
				69235A1025B20D6C00F1880A /* PostHeaderView.xib in Resources */,
			);
			runOnlyForDeploymentPostprocessing = 0;
		};
		6923597A25B177AB00F1880A /* Resources */ = {
			isa = PBXResourcesBuildPhase;
			buildActionMask = 2147483647;
			files = (
				69D6818A25B466830017F986 /* reply_list.json in Resources */,
				692359DB25B1F64700F1880A /* ReplyTableViewCell.xib in Resources */,
				693D7E2B25B9279200596387 /* DCReplyView.xib in Resources */,
				69235A3B25B338C900F1880A /* IBMPlexSansThai-Bold.ttf in Resources */,
				69D6819B25B499660017F986 /* PostFooterView.xib in Resources */,
				6950064725B73BD300AB7C9C /* Assets.xcassets in Resources */,
				69235A1125B20D6C00F1880A /* PostHeaderView.xib in Resources */,
				696F11C625B5F5650006E76E /* PostPinHeaderView.xib in Resources */,
				69235A3825B338C900F1880A /* IBMPlexSansThai-Text.ttf in Resources */,
				69235A3E25B338C900F1880A /* IBMPlexSansThai-Medium.ttf in Resources */,
				693D7E0225B926B600596387 /* DCPinView.xib in Resources */,
				69235A2225B316B000F1880A /* post.json in Resources */,
				693D7E1325B9272800596387 /* DCPostView.xib in Resources */,
			);
			runOnlyForDeploymentPostprocessing = 0;
		};
		6923598525B177AB00F1880A /* Resources */ = {
			isa = PBXResourcesBuildPhase;
			buildActionMask = 2147483647;
			files = (
				69D6818B25B466830017F986 /* reply_list.json in Resources */,
				692359DC25B1F64700F1880A /* ReplyTableViewCell.xib in Resources */,
				693D7E2C25B9279200596387 /* DCReplyView.xib in Resources */,
				69235A3C25B338C900F1880A /* IBMPlexSansThai-Bold.ttf in Resources */,
				69D6819C25B499660017F986 /* PostFooterView.xib in Resources */,
				6950064825B73BD300AB7C9C /* Assets.xcassets in Resources */,
				69235A1225B20D6C00F1880A /* PostHeaderView.xib in Resources */,
				696F11C725B5F5650006E76E /* PostPinHeaderView.xib in Resources */,
				69235A3925B338C900F1880A /* IBMPlexSansThai-Text.ttf in Resources */,
				69235A3F25B338C900F1880A /* IBMPlexSansThai-Medium.ttf in Resources */,
				693D7E0325B926B600596387 /* DCPinView.xib in Resources */,
				69235A2325B316B000F1880A /* post.json in Resources */,
				693D7E1425B9272800596387 /* DCPostView.xib in Resources */,
			);
			runOnlyForDeploymentPostprocessing = 0;
		};
/* End PBXResourcesBuildPhase section */

/* Begin PBXShellScriptBuildPhase section */
		0805D3824289215139EBA53A /* [CP] Embed Pods Frameworks */ = {
			isa = PBXShellScriptBuildPhase;
			buildActionMask = 2147483647;
			files = (
			);
			inputFileListPaths = (
				"${PODS_ROOT}/Target Support Files/Pods-DiscussionBoard/Pods-DiscussionBoard-frameworks-${CONFIGURATION}-input-files.xcfilelist",
			);
			name = "[CP] Embed Pods Frameworks";
			outputFileListPaths = (
				"${PODS_ROOT}/Target Support Files/Pods-DiscussionBoard/Pods-DiscussionBoard-frameworks-${CONFIGURATION}-output-files.xcfilelist",
			);
			runOnlyForDeploymentPostprocessing = 0;
			shellPath = /bin/sh;
			shellScript = "\"${PODS_ROOT}/Target Support Files/Pods-DiscussionBoard/Pods-DiscussionBoard-frameworks.sh\"\n";
			showEnvVarsInLog = 0;
		};
		64BF4897EC0633397531C525 /* [CP] Check Pods Manifest.lock */ = {
			isa = PBXShellScriptBuildPhase;
			buildActionMask = 2147483647;
			files = (
			);
			inputFileListPaths = (
			);
			inputPaths = (
				"${PODS_PODFILE_DIR_PATH}/Podfile.lock",
				"${PODS_ROOT}/Manifest.lock",
			);
			name = "[CP] Check Pods Manifest.lock";
			outputFileListPaths = (
			);
			outputPaths = (
				"$(DERIVED_FILE_DIR)/Pods-DiscussionBoard-checkManifestLockResult.txt",
			);
			runOnlyForDeploymentPostprocessing = 0;
			shellPath = /bin/sh;
			shellScript = "diff \"${PODS_PODFILE_DIR_PATH}/Podfile.lock\" \"${PODS_ROOT}/Manifest.lock\" > /dev/null\nif [ $? != 0 ] ; then\n    # print error to STDERR\n    echo \"error: The sandbox is not in sync with the Podfile.lock. Run 'pod install' or update your CocoaPods installation.\" >&2\n    exit 1\nfi\n# This output is used by Xcode 'outputs' to avoid re-running this script phase.\necho \"SUCCESS\" > \"${SCRIPT_OUTPUT_FILE_0}\"\n";
			showEnvVarsInLog = 0;
		};
/* End PBXShellScriptBuildPhase section */

/* Begin PBXSourcesBuildPhase section */
		6923596225B177A800F1880A /* Sources */ = {
			isa = PBXSourcesBuildPhase;
			buildActionMask = 2147483647;
			files = (
				6950062425B6D26A00AB7C9C /* String.swift in Sources */,
				6923596E25B177A800F1880A /* ViewController.swift in Sources */,
				69235A1A25B3162E00F1880A /* JSON.swift in Sources */,
				696F11BE25B5F5590006E76E /* PostPinHeaderView.swift in Sources */,
				69235A4725B33AB700F1880A /* UIImageView.swift in Sources */,
				6923596A25B177A800F1880A /* AppDelegate.swift in Sources */,
				692359F225B1FE8E00F1880A /* DiscussionViewModel.swift in Sources */,
				692359D725B1F64700F1880A /* ReplyTableViewCell.swift in Sources */,
				6961FB9A25BB27430052B810 /* Font.swift in Sources */,
				692359B225B1A77900F1880A /* PublicSetting.swift in Sources */,
				6950062B25B710A200AB7C9C /* CALayer.swift in Sources */,
				69235A0225B201BE00F1880A /* DiscussionBoardPageResult.swift in Sources */,
				693D7E0825B9271100596387 /* DCPostView.swift in Sources */,
				6943190725B809380053B477 /* UIButton.swift in Sources */,
				69235A6825B34C9600F1880A /* Color.swift in Sources */,
				69235A0925B201F000F1880A /* Results.swift in Sources */,
				692359CB25B1DFE800F1880A /* DiscussionViewController.swift in Sources */,
				6923596C25B177A800F1880A /* SceneDelegate.swift in Sources */,
				6958ABF625BBF9DF007159D2 /* DCAddReplyView.swift in Sources */,
				6943190E25B81B1C0053B477 /* DCPinListViewController.swift in Sources */,
				693D7E3125B92ED800596387 /* EditorHelper.swift in Sources */,
				6958ABFE25BC91D8007159D2 /* DCReactionView.swift in Sources */,
				693D7E2325B9276D00596387 /* DCReplyView.swift in Sources */,
				693D7DFA25B926A700596387 /* DCPinView.swift in Sources */,
				692359AD25B1A69400F1880A /* Extension.swift in Sources */,
				692359E125B1F74D00F1880A /* PostHeaderView.swift in Sources */,
				693D7E4B25B94C5D00596387 /* UIStackView.swift in Sources */,
				6950061D25B6D1CC00AB7C9C /* Int.swift in Sources */,
				693D7E4425B94ADA00596387 /* DiscussionListViewController.swift in Sources */,
				692359BE25B1C27E00F1880A /* DiscussionPostViewController.swift in Sources */,
				6958AC0E25BCA55F007159D2 /* ProfileResult.swift in Sources */,
				69D6819325B499560017F986 /* PostFooterView.swift in Sources */,
			);
			runOnlyForDeploymentPostprocessing = 0;
		};
		6923597825B177AB00F1880A /* Sources */ = {
			isa = PBXSourcesBuildPhase;
			buildActionMask = 2147483647;
			files = (
				696F11BF25B5F5590006E76E /* PostPinHeaderView.swift in Sources */,
				6950062525B6D26A00AB7C9C /* String.swift in Sources */,
				69235A4825B33AB700F1880A /* UIImageView.swift in Sources */,
				6961FB9B25BB27430052B810 /* Font.swift in Sources */,
				693D7E2425B9276D00596387 /* DCReplyView.swift in Sources */,
				693D7E3225B92ED800596387 /* EditorHelper.swift in Sources */,
				69235A0A25B201F000F1880A /* Results.swift in Sources */,
				6950061E25B6D1CC00AB7C9C /* Int.swift in Sources */,
				693D7E0925B9271100596387 /* DCPostView.swift in Sources */,
				6943190825B809380053B477 /* UIButton.swift in Sources */,
				69235A1B25B3162E00F1880A /* JSON.swift in Sources */,
				69D6819425B499560017F986 /* PostFooterView.swift in Sources */,
				6943190F25B81B1C0053B477 /* DCPinListViewController.swift in Sources */,
				69235A0325B201BE00F1880A /* DiscussionBoardPageResult.swift in Sources */,
				692359F325B1FE8E00F1880A /* DiscussionViewModel.swift in Sources */,
				692359D825B1F64700F1880A /* ReplyTableViewCell.swift in Sources */,
				693D7E4525B94ADA00596387 /* DiscussionListViewController.swift in Sources */,
				692359E225B1F74D00F1880A /* PostHeaderView.swift in Sources */,
				6950062C25B710A200AB7C9C /* CALayer.swift in Sources */,
				693D7DFB25B926A700596387 /* DCPinView.swift in Sources */,
				6923598125B177AB00F1880A /* DiscussionBoardTests.swift in Sources */,
				69235A6925B34C9600F1880A /* Color.swift in Sources */,
				693D7E4C25B94C5D00596387 /* UIStackView.swift in Sources */,
			);
			runOnlyForDeploymentPostprocessing = 0;
		};
		6923598325B177AB00F1880A /* Sources */ = {
			isa = PBXSourcesBuildPhase;
			buildActionMask = 2147483647;
			files = (
				696F11C025B5F5590006E76E /* PostPinHeaderView.swift in Sources */,
				6950062625B6D26A00AB7C9C /* String.swift in Sources */,
				69235A4925B33AB700F1880A /* UIImageView.swift in Sources */,
				6961FB9C25BB27430052B810 /* Font.swift in Sources */,
				693D7E2525B9276D00596387 /* DCReplyView.swift in Sources */,
				693D7E3325B92ED800596387 /* EditorHelper.swift in Sources */,
				69235A0B25B201F000F1880A /* Results.swift in Sources */,
				6950061F25B6D1CC00AB7C9C /* Int.swift in Sources */,
				693D7E0A25B9271100596387 /* DCPostView.swift in Sources */,
				6943190925B809380053B477 /* UIButton.swift in Sources */,
				69235A1C25B3162E00F1880A /* JSON.swift in Sources */,
				69D6819525B499560017F986 /* PostFooterView.swift in Sources */,
				6943191025B81B1C0053B477 /* DCPinListViewController.swift in Sources */,
				69235A0425B201BE00F1880A /* DiscussionBoardPageResult.swift in Sources */,
				692359F425B1FE8E00F1880A /* DiscussionViewModel.swift in Sources */,
				692359D925B1F64700F1880A /* ReplyTableViewCell.swift in Sources */,
				693D7E4625B94ADA00596387 /* DiscussionListViewController.swift in Sources */,
				692359E325B1F74D00F1880A /* PostHeaderView.swift in Sources */,
				6950062D25B710A200AB7C9C /* CALayer.swift in Sources */,
				693D7DFC25B926A700596387 /* DCPinView.swift in Sources */,
				6923598C25B177AB00F1880A /* DiscussionBoardUITests.swift in Sources */,
				69235A6A25B34C9600F1880A /* Color.swift in Sources */,
				693D7E4D25B94C5D00596387 /* UIStackView.swift in Sources */,
			);
			runOnlyForDeploymentPostprocessing = 0;
		};
/* End PBXSourcesBuildPhase section */

/* Begin PBXTargetDependency section */
		6923597E25B177AB00F1880A /* PBXTargetDependency */ = {
			isa = PBXTargetDependency;
			target = 6923596525B177A800F1880A /* DiscussionBoard */;
			targetProxy = 6923597D25B177AB00F1880A /* PBXContainerItemProxy */;
		};
		6923598925B177AB00F1880A /* PBXTargetDependency */ = {
			isa = PBXTargetDependency;
			target = 6923596525B177A800F1880A /* DiscussionBoard */;
			targetProxy = 6923598825B177AB00F1880A /* PBXContainerItemProxy */;
		};
/* End PBXTargetDependency section */

/* Begin PBXVariantGroup section */
		6923596F25B177A800F1880A /* Main.storyboard */ = {
			isa = PBXVariantGroup;
			children = (
				6923597025B177A800F1880A /* Base */,
			);
			name = Main.storyboard;
			sourceTree = "<group>";
		};
		6923597425B177AB00F1880A /* LaunchScreen.storyboard */ = {
			isa = PBXVariantGroup;
			children = (
				6923597525B177AB00F1880A /* Base */,
			);
			name = LaunchScreen.storyboard;
			sourceTree = "<group>";
		};
/* End PBXVariantGroup section */

/* Begin XCBuildConfiguration section */
		6923598E25B177AB00F1880A /* Debug */ = {
			isa = XCBuildConfiguration;
			buildSettings = {
				ALWAYS_SEARCH_USER_PATHS = NO;
				CLANG_ANALYZER_NONNULL = YES;
				CLANG_ANALYZER_NUMBER_OBJECT_CONVERSION = YES_AGGRESSIVE;
				CLANG_CXX_LANGUAGE_STANDARD = "gnu++14";
				CLANG_CXX_LIBRARY = "libc++";
				CLANG_ENABLE_MODULES = YES;
				CLANG_ENABLE_OBJC_ARC = YES;
				CLANG_ENABLE_OBJC_WEAK = YES;
				CLANG_WARN_BLOCK_CAPTURE_AUTORELEASING = YES;
				CLANG_WARN_BOOL_CONVERSION = YES;
				CLANG_WARN_COMMA = YES;
				CLANG_WARN_CONSTANT_CONVERSION = YES;
				CLANG_WARN_DEPRECATED_OBJC_IMPLEMENTATIONS = YES;
				CLANG_WARN_DIRECT_OBJC_ISA_USAGE = YES_ERROR;
				CLANG_WARN_DOCUMENTATION_COMMENTS = YES;
				CLANG_WARN_EMPTY_BODY = YES;
				CLANG_WARN_ENUM_CONVERSION = YES;
				CLANG_WARN_INFINITE_RECURSION = YES;
				CLANG_WARN_INT_CONVERSION = YES;
				CLANG_WARN_NON_LITERAL_NULL_CONVERSION = YES;
				CLANG_WARN_OBJC_IMPLICIT_RETAIN_SELF = YES;
				CLANG_WARN_OBJC_LITERAL_CONVERSION = YES;
				CLANG_WARN_OBJC_ROOT_CLASS = YES_ERROR;
				CLANG_WARN_QUOTED_INCLUDE_IN_FRAMEWORK_HEADER = YES;
				CLANG_WARN_RANGE_LOOP_ANALYSIS = YES;
				CLANG_WARN_STRICT_PROTOTYPES = YES;
				CLANG_WARN_SUSPICIOUS_MOVE = YES;
				CLANG_WARN_UNGUARDED_AVAILABILITY = YES_AGGRESSIVE;
				CLANG_WARN_UNREACHABLE_CODE = YES;
				CLANG_WARN__DUPLICATE_METHOD_MATCH = YES;
				COPY_PHASE_STRIP = NO;
				DEBUG_INFORMATION_FORMAT = dwarf;
				ENABLE_STRICT_OBJC_MSGSEND = YES;
				ENABLE_TESTABILITY = YES;
				GCC_C_LANGUAGE_STANDARD = gnu11;
				GCC_DYNAMIC_NO_PIC = NO;
				GCC_NO_COMMON_BLOCKS = YES;
				GCC_OPTIMIZATION_LEVEL = 0;
				GCC_PREPROCESSOR_DEFINITIONS = (
					"DEBUG=1",
					"$(inherited)",
				);
				GCC_WARN_64_TO_32_BIT_CONVERSION = YES;
				GCC_WARN_ABOUT_RETURN_TYPE = YES_ERROR;
				GCC_WARN_UNDECLARED_SELECTOR = YES;
				GCC_WARN_UNINITIALIZED_AUTOS = YES_AGGRESSIVE;
				GCC_WARN_UNUSED_FUNCTION = YES;
				GCC_WARN_UNUSED_VARIABLE = YES;
				IPHONEOS_DEPLOYMENT_TARGET = 14.2;
				MTL_ENABLE_DEBUG_INFO = INCLUDE_SOURCE;
				MTL_FAST_MATH = YES;
				ONLY_ACTIVE_ARCH = YES;
				SDKROOT = iphoneos;
				SWIFT_ACTIVE_COMPILATION_CONDITIONS = DEBUG;
				SWIFT_OPTIMIZATION_LEVEL = "-Onone";
			};
			name = Debug;
		};
		6923598F25B177AB00F1880A /* Release */ = {
			isa = XCBuildConfiguration;
			buildSettings = {
				ALWAYS_SEARCH_USER_PATHS = NO;
				CLANG_ANALYZER_NONNULL = YES;
				CLANG_ANALYZER_NUMBER_OBJECT_CONVERSION = YES_AGGRESSIVE;
				CLANG_CXX_LANGUAGE_STANDARD = "gnu++14";
				CLANG_CXX_LIBRARY = "libc++";
				CLANG_ENABLE_MODULES = YES;
				CLANG_ENABLE_OBJC_ARC = YES;
				CLANG_ENABLE_OBJC_WEAK = YES;
				CLANG_WARN_BLOCK_CAPTURE_AUTORELEASING = YES;
				CLANG_WARN_BOOL_CONVERSION = YES;
				CLANG_WARN_COMMA = YES;
				CLANG_WARN_CONSTANT_CONVERSION = YES;
				CLANG_WARN_DEPRECATED_OBJC_IMPLEMENTATIONS = YES;
				CLANG_WARN_DIRECT_OBJC_ISA_USAGE = YES_ERROR;
				CLANG_WARN_DOCUMENTATION_COMMENTS = YES;
				CLANG_WARN_EMPTY_BODY = YES;
				CLANG_WARN_ENUM_CONVERSION = YES;
				CLANG_WARN_INFINITE_RECURSION = YES;
				CLANG_WARN_INT_CONVERSION = YES;
				CLANG_WARN_NON_LITERAL_NULL_CONVERSION = YES;
				CLANG_WARN_OBJC_IMPLICIT_RETAIN_SELF = YES;
				CLANG_WARN_OBJC_LITERAL_CONVERSION = YES;
				CLANG_WARN_OBJC_ROOT_CLASS = YES_ERROR;
				CLANG_WARN_QUOTED_INCLUDE_IN_FRAMEWORK_HEADER = YES;
				CLANG_WARN_RANGE_LOOP_ANALYSIS = YES;
				CLANG_WARN_STRICT_PROTOTYPES = YES;
				CLANG_WARN_SUSPICIOUS_MOVE = YES;
				CLANG_WARN_UNGUARDED_AVAILABILITY = YES_AGGRESSIVE;
				CLANG_WARN_UNREACHABLE_CODE = YES;
				CLANG_WARN__DUPLICATE_METHOD_MATCH = YES;
				COPY_PHASE_STRIP = NO;
				DEBUG_INFORMATION_FORMAT = "dwarf-with-dsym";
				ENABLE_NS_ASSERTIONS = NO;
				ENABLE_STRICT_OBJC_MSGSEND = YES;
				GCC_C_LANGUAGE_STANDARD = gnu11;
				GCC_NO_COMMON_BLOCKS = YES;
				GCC_WARN_64_TO_32_BIT_CONVERSION = YES;
				GCC_WARN_ABOUT_RETURN_TYPE = YES_ERROR;
				GCC_WARN_UNDECLARED_SELECTOR = YES;
				GCC_WARN_UNINITIALIZED_AUTOS = YES_AGGRESSIVE;
				GCC_WARN_UNUSED_FUNCTION = YES;
				GCC_WARN_UNUSED_VARIABLE = YES;
				IPHONEOS_DEPLOYMENT_TARGET = 14.2;
				MTL_ENABLE_DEBUG_INFO = NO;
				MTL_FAST_MATH = YES;
				SDKROOT = iphoneos;
				SWIFT_COMPILATION_MODE = wholemodule;
				SWIFT_OPTIMIZATION_LEVEL = "-O";
				VALIDATE_PRODUCT = YES;
			};
			name = Release;
		};
		6923599125B177AB00F1880A /* Debug */ = {
			isa = XCBuildConfiguration;
			baseConfigurationReference = 4B205FA16D6A7C9C7D0764C5 /* Pods-DiscussionBoard.debug.xcconfig */;
			buildSettings = {
				ASSETCATALOG_COMPILER_APPICON_NAME = AppIcon;
				ASSETCATALOG_COMPILER_GLOBAL_ACCENT_COLOR_NAME = AccentColor;
				CODE_SIGN_STYLE = Automatic;
				DEVELOPMENT_TEAM = KJWUN9F44D;
				INFOPLIST_FILE = DiscussionBoard/Info.plist;
				IPHONEOS_DEPLOYMENT_TARGET = 10.0;
				LD_RUNPATH_SEARCH_PATHS = (
					"$(inherited)",
					"@executable_path/Frameworks",
				);
				PRODUCT_BUNDLE_IDENTIFIER = con.conicle.DiscussionBoard;
				PRODUCT_NAME = "$(TARGET_NAME)";
				SWIFT_VERSION = 5.0;
				TARGETED_DEVICE_FAMILY = "1,2";
			};
			name = Debug;
		};
		6923599225B177AB00F1880A /* Release */ = {
			isa = XCBuildConfiguration;
			baseConfigurationReference = 3B271BC6021FF315491597FB /* Pods-DiscussionBoard.release.xcconfig */;
			buildSettings = {
				ASSETCATALOG_COMPILER_APPICON_NAME = AppIcon;
				ASSETCATALOG_COMPILER_GLOBAL_ACCENT_COLOR_NAME = AccentColor;
				CODE_SIGN_STYLE = Automatic;
				DEVELOPMENT_TEAM = KJWUN9F44D;
				INFOPLIST_FILE = DiscussionBoard/Info.plist;
				IPHONEOS_DEPLOYMENT_TARGET = 10.0;
				LD_RUNPATH_SEARCH_PATHS = (
					"$(inherited)",
					"@executable_path/Frameworks",
				);
				PRODUCT_BUNDLE_IDENTIFIER = con.conicle.DiscussionBoard;
				PRODUCT_NAME = "$(TARGET_NAME)";
				SWIFT_VERSION = 5.0;
				TARGETED_DEVICE_FAMILY = "1,2";
			};
			name = Release;
		};
		6923599425B177AB00F1880A /* Debug */ = {
			isa = XCBuildConfiguration;
			buildSettings = {
				ALWAYS_EMBED_SWIFT_STANDARD_LIBRARIES = YES;
				BUNDLE_LOADER = "$(TEST_HOST)";
				CODE_SIGN_STYLE = Automatic;
				DEVELOPMENT_TEAM = KJWUN9F44D;
				INFOPLIST_FILE = DiscussionBoardTests/Info.plist;
				IPHONEOS_DEPLOYMENT_TARGET = 14.2;
				LD_RUNPATH_SEARCH_PATHS = (
					"$(inherited)",
					"@executable_path/Frameworks",
					"@loader_path/Frameworks",
				);
				PRODUCT_BUNDLE_IDENTIFIER = con.conicle.DiscussionBoardTests;
				PRODUCT_NAME = "$(TARGET_NAME)";
				SWIFT_VERSION = 5.0;
				TARGETED_DEVICE_FAMILY = "1,2";
				TEST_HOST = "$(BUILT_PRODUCTS_DIR)/DiscussionBoard.app/DiscussionBoard";
			};
			name = Debug;
		};
		6923599525B177AB00F1880A /* Release */ = {
			isa = XCBuildConfiguration;
			buildSettings = {
				ALWAYS_EMBED_SWIFT_STANDARD_LIBRARIES = YES;
				BUNDLE_LOADER = "$(TEST_HOST)";
				CODE_SIGN_STYLE = Automatic;
				DEVELOPMENT_TEAM = KJWUN9F44D;
				INFOPLIST_FILE = DiscussionBoardTests/Info.plist;
				IPHONEOS_DEPLOYMENT_TARGET = 14.2;
				LD_RUNPATH_SEARCH_PATHS = (
					"$(inherited)",
					"@executable_path/Frameworks",
					"@loader_path/Frameworks",
				);
				PRODUCT_BUNDLE_IDENTIFIER = con.conicle.DiscussionBoardTests;
				PRODUCT_NAME = "$(TARGET_NAME)";
				SWIFT_VERSION = 5.0;
				TARGETED_DEVICE_FAMILY = "1,2";
				TEST_HOST = "$(BUILT_PRODUCTS_DIR)/DiscussionBoard.app/DiscussionBoard";
			};
			name = Release;
		};
		6923599725B177AB00F1880A /* Debug */ = {
			isa = XCBuildConfiguration;
			buildSettings = {
				ALWAYS_EMBED_SWIFT_STANDARD_LIBRARIES = YES;
				CODE_SIGN_STYLE = Automatic;
				DEVELOPMENT_TEAM = KJWUN9F44D;
				INFOPLIST_FILE = DiscussionBoardUITests/Info.plist;
				LD_RUNPATH_SEARCH_PATHS = (
					"$(inherited)",
					"@executable_path/Frameworks",
					"@loader_path/Frameworks",
				);
				PRODUCT_BUNDLE_IDENTIFIER = con.conicle.DiscussionBoardUITests;
				PRODUCT_NAME = "$(TARGET_NAME)";
				SWIFT_VERSION = 5.0;
				TARGETED_DEVICE_FAMILY = "1,2";
				TEST_TARGET_NAME = DiscussionBoard;
			};
			name = Debug;
		};
		6923599825B177AB00F1880A /* Release */ = {
			isa = XCBuildConfiguration;
			buildSettings = {
				ALWAYS_EMBED_SWIFT_STANDARD_LIBRARIES = YES;
				CODE_SIGN_STYLE = Automatic;
				DEVELOPMENT_TEAM = KJWUN9F44D;
				INFOPLIST_FILE = DiscussionBoardUITests/Info.plist;
				LD_RUNPATH_SEARCH_PATHS = (
					"$(inherited)",
					"@executable_path/Frameworks",
					"@loader_path/Frameworks",
				);
				PRODUCT_BUNDLE_IDENTIFIER = con.conicle.DiscussionBoardUITests;
				PRODUCT_NAME = "$(TARGET_NAME)";
				SWIFT_VERSION = 5.0;
				TARGETED_DEVICE_FAMILY = "1,2";
				TEST_TARGET_NAME = DiscussionBoard;
			};
			name = Release;
		};
/* End XCBuildConfiguration section */

/* Begin XCConfigurationList section */
		6923596125B177A800F1880A /* Build configuration list for PBXProject "DiscussionBoard" */ = {
			isa = XCConfigurationList;
			buildConfigurations = (
				6923598E25B177AB00F1880A /* Debug */,
				6923598F25B177AB00F1880A /* Release */,
			);
			defaultConfigurationIsVisible = 0;
			defaultConfigurationName = Release;
		};
		6923599025B177AB00F1880A /* Build configuration list for PBXNativeTarget "DiscussionBoard" */ = {
			isa = XCConfigurationList;
			buildConfigurations = (
				6923599125B177AB00F1880A /* Debug */,
				6923599225B177AB00F1880A /* Release */,
			);
			defaultConfigurationIsVisible = 0;
			defaultConfigurationName = Release;
		};
		6923599325B177AB00F1880A /* Build configuration list for PBXNativeTarget "DiscussionBoardTests" */ = {
			isa = XCConfigurationList;
			buildConfigurations = (
				6923599425B177AB00F1880A /* Debug */,
				6923599525B177AB00F1880A /* Release */,
			);
			defaultConfigurationIsVisible = 0;
			defaultConfigurationName = Release;
		};
		6923599625B177AB00F1880A /* Build configuration list for PBXNativeTarget "DiscussionBoardUITests" */ = {
			isa = XCConfigurationList;
			buildConfigurations = (
				6923599725B177AB00F1880A /* Debug */,
				6923599825B177AB00F1880A /* Release */,
			);
			defaultConfigurationIsVisible = 0;
			defaultConfigurationName = Release;
		};
/* End XCConfigurationList section */
	};
	rootObject = 6923595E25B177A800F1880A /* Project object */;
}
